// !$*UTF8*$!
{
	archiveVersion = 1;
	classes = {
	};
	objectVersion = 77;
	objects = {

/* Begin PBXBuildFile section */
		0AE4FF0E322D4F3FB5B58DE7 /* OnboardingState.swift in Sources */ = {isa = PBXBuildFile; fileRef = B025733A4B004674B0D5FD04 /* OnboardingState.swift */; };
		3E2EB7472F2218E600CF7C5B /* Assets.xcassets in Resources */ = {isa = PBXBuildFile; fileRef = 3E2EB7432F2218E600CF7C5B /* Assets.xcassets */; };
		3E2EB7482F2218E600CF7C5B /* BounceVaultRepository.swift in Sources */ = {isa = PBXBuildFile; fileRef = 3E2EB71B2F2218E600CF7C5B /* BounceVaultRepository.swift */; };
		3E2EB7492F2218E600CF7C5B /* ConfigVaultRepository.swift in Sources */ = {isa = PBXBuildFile; fileRef = 3E2EB71C2F2218E600CF7C5B /* ConfigVaultRepository.swift */; };
		3E2EB74A2F2218E600CF7C5B /* MetricsVaultRepository.swift in Sources */ = {isa = PBXBuildFile; fileRef = 3E2EB71D2F2218E600CF7C5B /* MetricsVaultRepository.swift */; };
		3E2EB74B2F2218E600CF7C5B /* AppFlowManager.swift in Sources */ = {isa = PBXBuildFile; fileRef = 3E2EB7202F2218E600CF7C5B /* AppFlowManager.swift */; };
		3E2EB74C2F2218E600CF7C5B /* BounceModels.swift in Sources */ = {isa = PBXBuildFile; fileRef = 3E2EB7222F2218E600CF7C5B /* BounceModels.swift */; };
		3E2EB74D2F2218E600CF7C5B /* LinkGateway.swift in Sources */ = {isa = PBXBuildFile; fileRef = 3E2EB7242F2218E600CF7C5B /* LinkGateway.swift */; };
		3E2EB74E2F2218E600CF7C5B /* RepositoryProtocols.swift in Sources */ = {isa = PBXBuildFile; fileRef = 3E2EB7262F2218E600CF7C5B /* RepositoryProtocols.swift */; };
		3E2EB74F2F2218E600CF7C5B /* PersistenceCoordinator.swift in Sources */ = {isa = PBXBuildFile; fileRef = 3E2EB7292F2218E600CF7C5B /* PersistenceCoordinator.swift */; };
		3E2EB7502F2218E600CF7C5B /* PersistenceSchema.xcdatamodeld in Sources */ = {isa = PBXBuildFile; fileRef = 3E2EB72A2F2218E600CF7C5B /* PersistenceSchema.xcdatamodeld */; };
		3E2EB7512F2218E600CF7C5B /* AppTheme.swift in Sources */ = {isa = PBXBuildFile; fileRef = 3E2EB72C2F2218E600CF7C5B /* AppTheme.swift */; };
		3E2EB7522F2218E600CF7C5B /* ArchiveViewModel.swift in Sources */ = {isa = PBXBuildFile; fileRef = 3E2EB72E2F2218E600CF7C5B /* ArchiveViewModel.swift */; };
		3E2EB7532F2218E600CF7C5B /* BlueprintViewModel.swift in Sources */ = {isa = PBXBuildFile; fileRef = 3E2EB72F2F2218E600CF7C5B /* BlueprintViewModel.swift */; };
		3E2EB7542F2218E600CF7C5B /* SpanViewModel.swift in Sources */ = {isa = PBXBuildFile; fileRef = 3E2EB7302F2218E600CF7C5B /* SpanViewModel.swift */; };
		3E2EB7552F2218E600CF7C5B /* ChartViews.swift in Sources */ = {isa = PBXBuildFile; fileRef = 3E2EB7322F2218E600CF7C5B /* ChartViews.swift */; };
		3E2EB7562F2218E600CF7C5B /* OnboardingView.swift in Sources */ = {isa = PBXBuildFile; fileRef = 3E2EB7342F2218E600CF7C5B /* OnboardingView.swift */; };
		3E2EB7572F2218E600CF7C5B /* ArchiveTabView.swift in Sources */ = {isa = PBXBuildFile; fileRef = 3E2EB7362F2218E600CF7C5B /* ArchiveTabView.swift */; };
		3E2EB7582F2218E600CF7C5B /* BlueprintTabView.swift in Sources */ = {isa = PBXBuildFile; fileRef = 3E2EB7372F2218E600CF7C5B /* BlueprintTabView.swift */; };
		3E2EB7592F2218E600CF7C5B /* SpanTabView.swift in Sources */ = {isa = PBXBuildFile; fileRef = 3E2EB7382F2218E600CF7C5B /* SpanTabView.swift */; };
		3E2EB75A2F2218E600CF7C5B /* MainTabView.swift in Sources */ = {isa = PBXBuildFile; fileRef = 3E2EB73A2F2218E600CF7C5B /* MainTabView.swift */; };
		3E2EB75B2F2218E600CF7C5B /* NimbusStageView.swift in Sources */ = {isa = PBXBuildFile; fileRef = 3E2EB73B2F2218E600CF7C5B /* NimbusStageView.swift */; };
		3E2EB75C2F2218E600CF7C5B /* RootLauncherView.swift in Sources */ = {isa = PBXBuildFile; fileRef = 3E2EB73C2F2218E600CF7C5B /* RootLauncherView.swift */; };
		3E2EB75D2F2218E600CF7C5B /* SiteCanvasRepresentable.swift in Sources */ = {isa = PBXBuildFile; fileRef = 3E2EB73D2F2218E600CF7C5B /* SiteCanvasRepresentable.swift */; };
		3E2EB75E2F2218E600CF7C5B /* SystemServices.swift in Sources */ = {isa = PBXBuildFile; fileRef = 3E2EB7402F2218E600CF7C5B /* SystemServices.swift */; };
		3E2EB75F2F2218E600CF7C5B /* JoGitEndurancePlannerApp.swift in Sources */ = {isa = PBXBuildFile; fileRef = 3E2EB7442F2218E600CF7C5B /* JoGitEndurancePlannerApp.swift */; };
		3E2EB7622F221D8F00CF7C5B /* SplashView.swift in Sources */ = {isa = PBXBuildFile; fileRef = 3E2EB7612F221D8F00CF7C5B /* SplashView.swift */; };
		3E2EB7642F22204900CF7C5B /* UserProfileRepository.swift in Sources */ = {isa = PBXBuildFile; fileRef = 3E2EB7632F22204900CF7C5B /* UserProfileRepository.swift */; };
		3E2EB7662F22206200CF7C5B /* UserProfile.swift in Sources */ = {isa = PBXBuildFile; fileRef = 3E2EB7652F22206200CF7C5B /* UserProfile.swift */; };
		3E2EB7682F22207800CF7C5B /* ImagePicker.swift in Sources */ = {isa = PBXBuildFile; fileRef = 3E2EB7672F22207800CF7C5B /* ImagePicker.swift */; };
		3E32A7C8677E57422685F2C8 /* ResearchFlowView.swift in Sources */ = {isa = PBXBuildFile; fileRef = 3EAE4CC2B2B7DB4305A64F80 /* ResearchFlowView.swift */; };
		3E6D12AACC15E04322B629DB /* CoordinatorObserver.swift in Sources */ = {isa = PBXBuildFile; fileRef = 3EF2F023AF6C924E8B81CF8C /* CoordinatorObserver.swift */; };
		3ECDD84841A19B4DFD8F0752 /* NewExerciseService.swift in Sources */ = {isa = PBXBuildFile; fileRef = 3E7DB41FF9A18446149A798F /* NewExerciseService.swift */; };
/* End PBXBuildFile section */

/* Begin PBXFileReference section */
		286E1BE82EC1C5BE00D34BBB /* JoGitEndurancePlanner.app */ = {isa = PBXFileReference; explicitFileType = wrapper.application; includeInIndex = 0; path = JoGitEndurancePlanner.app; sourceTree = BUILT_PRODUCTS_DIR; };
		3E2EB71B2F2218E600CF7C5B /* BounceVaultRepository.swift */ = {isa = PBXFileReference; lastKnownFileType = sourcecode.swift; path = BounceVaultRepository.swift; sourceTree = "<group>"; };
		3E2EB71C2F2218E600CF7C5B /* ConfigVaultRepository.swift */ = {isa = PBXFileReference; lastKnownFileType = sourcecode.swift; path = ConfigVaultRepository.swift; sourceTree = "<group>"; };
		3E2EB71D2F2218E600CF7C5B /* MetricsVaultRepository.swift */ = {isa = PBXFileReference; lastKnownFileType = sourcecode.swift; path = MetricsVaultRepository.swift; sourceTree = "<group>"; };
		3E2EB7202F2218E600CF7C5B /* AppFlowManager.swift */ = {isa = PBXFileReference; lastKnownFileType = sourcecode.swift; path = AppFlowManager.swift; sourceTree = "<group>"; };
		3E2EB7222F2218E600CF7C5B /* BounceModels.swift */ = {isa = PBXFileReference; lastKnownFileType = sourcecode.swift; path = BounceModels.swift; sourceTree = "<group>"; };
		3E2EB7242F2218E600CF7C5B /* LinkGateway.swift */ = {isa = PBXFileReference; lastKnownFileType = sourcecode.swift; path = LinkGateway.swift; sourceTree = "<group>"; };
		3E2EB7262F2218E600CF7C5B /* RepositoryProtocols.swift */ = {isa = PBXFileReference; lastKnownFileType = sourcecode.swift; path = RepositoryProtocols.swift; sourceTree = "<group>"; };
		3E2EB7292F2218E600CF7C5B /* PersistenceCoordinator.swift */ = {isa = PBXFileReference; lastKnownFileType = sourcecode.swift; path = PersistenceCoordinator.swift; sourceTree = "<group>"; };
		3E2EB72C2F2218E600CF7C5B /* AppTheme.swift */ = {isa = PBXFileReference; lastKnownFileType = sourcecode.swift; path = AppTheme.swift; sourceTree = "<group>"; };
		3E2EB72E2F2218E600CF7C5B /* ArchiveViewModel.swift */ = {isa = PBXFileReference; lastKnownFileType = sourcecode.swift; path = ArchiveViewModel.swift; sourceTree = "<group>"; };
		3E2EB72F2F2218E600CF7C5B /* BlueprintViewModel.swift */ = {isa = PBXFileReference; lastKnownFileType = sourcecode.swift; path = BlueprintViewModel.swift; sourceTree = "<group>"; };
		3E2EB7302F2218E600CF7C5B /* SpanViewModel.swift */ = {isa = PBXFileReference; lastKnownFileType = sourcecode.swift; path = SpanViewModel.swift; sourceTree = "<group>"; };
		3E2EB7322F2218E600CF7C5B /* ChartViews.swift */ = {isa = PBXFileReference; lastKnownFileType = sourcecode.swift; path = ChartViews.swift; sourceTree = "<group>"; };
		3E2EB7342F2218E600CF7C5B /* OnboardingView.swift */ = {isa = PBXFileReference; lastKnownFileType = sourcecode.swift; path = OnboardingView.swift; sourceTree = "<group>"; };
		3E2EB7362F2218E600CF7C5B /* ArchiveTabView.swift */ = {isa = PBXFileReference; lastKnownFileType = sourcecode.swift; path = ArchiveTabView.swift; sourceTree = "<group>"; };
		3E2EB7372F2218E600CF7C5B /* BlueprintTabView.swift */ = {isa = PBXFileReference; lastKnownFileType = sourcecode.swift; path = BlueprintTabView.swift; sourceTree = "<group>"; };
		3E2EB7382F2218E600CF7C5B /* SpanTabView.swift */ = {isa = PBXFileReference; lastKnownFileType = sourcecode.swift; path = SpanTabView.swift; sourceTree = "<group>"; };
		3E2EB73A2F2218E600CF7C5B /* MainTabView.swift */ = {isa = PBXFileReference; lastKnownFileType = sourcecode.swift; path = MainTabView.swift; sourceTree = "<group>"; };
		3E2EB73B2F2218E600CF7C5B /* NimbusStageView.swift */ = {isa = PBXFileReference; lastKnownFileType = sourcecode.swift; path = NimbusStageView.swift; sourceTree = "<group>"; };
		3E2EB73C2F2218E600CF7C5B /* RootLauncherView.swift */ = {isa = PBXFileReference; lastKnownFileType = sourcecode.swift; path = RootLauncherView.swift; sourceTree = "<group>"; };
		3E2EB73D2F2218E600CF7C5B /* SiteCanvasRepresentable.swift */ = {isa = PBXFileReference; lastKnownFileType = sourcecode.swift; path = SiteCanvasRepresentable.swift; sourceTree = "<group>"; };
		3E2EB7402F2218E600CF7C5B /* SystemServices.swift */ = {isa = PBXFileReference; lastKnownFileType = sourcecode.swift; path = SystemServices.swift; sourceTree = "<group>"; };
		3E2EB7432F2218E600CF7C5B /* Assets.xcassets */ = {isa = PBXFileReference; lastKnownFileType = folder.assetcatalog; path = Assets.xcassets; sourceTree = "<group>"; };
		3E2EB7442F2218E600CF7C5B /* JoGitEndurancePlannerApp.swift */ = {isa = PBXFileReference; lastKnownFileType = sourcecode.swift; path = JoGitEndurancePlannerApp.swift; sourceTree = "<group>"; };
		3E2EB7462F2218E600CF7C5B /* PersistenceSchema.xcdatamodel */ = {isa = PBXFileReference; lastKnownFileType = wrapper.xcdatamodel; path = PersistenceSchema.xcdatamodel; sourceTree = "<group>"; };
		3E2EB7602F221B0E00CF7C5B /* Info.plist */ = {isa = PBXFileReference; lastKnownFileType = text.plist; path = Info.plist; sourceTree = "<group>"; };
		3E2EB7612F221D8F00CF7C5B /* SplashView.swift */ = {isa = PBXFileReference; lastKnownFileType = sourcecode.swift; path = SplashView.swift; sourceTree = "<group>"; };
		3E2EB7632F22204900CF7C5B /* UserProfileRepository.swift */ = {isa = PBXFileReference; lastKnownFileType = sourcecode.swift; path = UserProfileRepository.swift; sourceTree = "<group>"; };
		3E2EB7652F22206200CF7C5B /* UserProfile.swift */ = {isa = PBXFileReference; lastKnownFileType = sourcecode.swift; path = UserProfile.swift; sourceTree = "<group>"; };
		3E2EB7672F22207800CF7C5B /* ImagePicker.swift */ = {isa = PBXFileReference; lastKnownFileType = sourcecode.swift; path = ImagePicker.swift; sourceTree = "<group>"; };
		3E7DB41FF9A18446149A798F /* NewExerciseService.swift */ = {isa = PBXFileReference; lastKnownFileType = sourcecode.swift; path = NewExerciseService.swift; sourceTree = "<group>"; };
		3EAE4CC2B2B7DB4305A64F80 /* ResearchFlowView.swift */ = {isa = PBXFileReference; lastKnownFileType = sourcecode.swift; path = ResearchFlowView.swift; sourceTree = "<group>"; };
		3EF2F023AF6C924E8B81CF8C /* CoordinatorObserver.swift */ = {isa = PBXFileReference; lastKnownFileType = sourcecode.swift; path = CoordinatorObserver.swift; sourceTree = "<group>"; };
		B025733A4B004674B0D5FD04 /* OnboardingState.swift */ = {isa = PBXFileReference; lastKnownFileType = sourcecode.swift; path = OnboardingState.swift; sourceTree = "<group>"; };
/* End PBXFileReference section */

/* Begin PBXFrameworksBuildPhase section */
		286E1BE52EC1C5BE00D34BBB /* Frameworks */ = {
			isa = PBXFrameworksBuildPhase;
			buildActionMask = 2147483647;
			files = (
			);
			runOnlyForDeploymentPostprocessing = 0;
		};
/* End PBXFrameworksBuildPhase section */

/* Begin PBXGroup section */
		286E1BDF2EC1C5BE00D34BBB = {
			isa = PBXGroup;
			children = (
				3E2EB7452F2218E600CF7C5B /* JoGitEndurancePlanner */,
				286E1BE92EC1C5BE00D34BBB /* Products */,
			);
			sourceTree = "<group>";
		};
		286E1BE92EC1C5BE00D34BBB /* Products */ = {
			isa = PBXGroup;
			children = (
				286E1BE82EC1C5BE00D34BBB /* JoGitEndurancePlanner.app */,
			);
			name = Products;
			sourceTree = "<group>";
		};
		3E2EB71E2F2218E600CF7C5B /* Repositories */ = {
			isa = PBXGroup;
			children = (
				3E2EB71B2F2218E600CF7C5B /* BounceVaultRepository.swift */,
				3E2EB71C2F2218E600CF7C5B /* ConfigVaultRepository.swift */,
				3E2EB7632F22204900CF7C5B /* UserProfileRepository.swift */,
				3E2EB71D2F2218E600CF7C5B /* MetricsVaultRepository.swift */,
			);
			path = Repositories;
			sourceTree = "<group>";
		};
		3E2EB71F2F2218E600CF7C5B /* Data */ = {
			isa = PBXGroup;
			children = (
				3E2EB71E2F2218E600CF7C5B /* Repositories */,
			);
			path = Data;
			sourceTree = "<group>";
		};
		3E2EB7212F2218E600CF7C5B /* App */ = {
			isa = PBXGroup;
			children = (
				3E2EB7202F2218E600CF7C5B /* AppFlowManager.swift */,
			);
			path = App;
			sourceTree = "<group>";
		};
		3E2EB7232F2218E600CF7C5B /* Models */ = {
			isa = PBXGroup;
			children = (
				3E2EB7222F2218E600CF7C5B /* BounceModels.swift */,
				3E2EB7652F22206200CF7C5B /* UserProfile.swift */,
				B025733A4B004674B0D5FD04 /* OnboardingState.swift */,
			);
			path = Models;
			sourceTree = "<group>";
		};
		3E2EB7252F2218E600CF7C5B /* Networking */ = {
			isa = PBXGroup;
			children = (
				3E2EB7242F2218E600CF7C5B /* LinkGateway.swift */,
				3E7DB41FF9A18446149A798F /* NewExerciseService.swift */,
			);
			path = Networking;
			sourceTree = "<group>";
		};
		3E2EB7272F2218E600CF7C5B /* Protocols */ = {
			isa = PBXGroup;
			children = (
				3E2EB7262F2218E600CF7C5B /* RepositoryProtocols.swift */,
			);
			path = Protocols;
			sourceTree = "<group>";
		};
		3E2EB7282F2218E600CF7C5B /* Domain */ = {
			isa = PBXGroup;
			children = (
				3E2EB7212F2218E600CF7C5B /* App */,
				3E2EB7232F2218E600CF7C5B /* Models */,
				3E2EB7252F2218E600CF7C5B /* Networking */,
				3E2EB7272F2218E600CF7C5B /* Protocols */,
			);
			path = Domain;
			sourceTree = "<group>";
		};
		3E2EB72B2F2218E600CF7C5B /* Persistence */ = {
			isa = PBXGroup;
			children = (
				3E2EB7292F2218E600CF7C5B /* PersistenceCoordinator.swift */,
				3E2EB72A2F2218E600CF7C5B /* PersistenceSchema.xcdatamodeld */,
			);
			path = Persistence;
			sourceTree = "<group>";
		};
		3E2EB72D2F2218E600CF7C5B /* Theme */ = {
			isa = PBXGroup;
			children = (
				3E2EB72C2F2218E600CF7C5B /* AppTheme.swift */,
			);
			path = Theme;
			sourceTree = "<group>";
		};
		3E2EB7312F2218E600CF7C5B /* ViewModels */ = {
			isa = PBXGroup;
			children = (
				3E2EB72E2F2218E600CF7C5B /* ArchiveViewModel.swift */,
				3E2EB72F2F2218E600CF7C5B /* BlueprintViewModel.swift */,
				3E2EB7302F2218E600CF7C5B /* SpanViewModel.swift */,
			);
			path = ViewModels;
			sourceTree = "<group>";
		};
		3E2EB7332F2218E600CF7C5B /* Components */ = {
			isa = PBXGroup;
			children = (
				3E2EB7322F2218E600CF7C5B /* ChartViews.swift */,
				3E2EB7672F22207800CF7C5B /* ImagePicker.swift */,
				3EF2F023AF6C924E8B81CF8C /* CoordinatorObserver.swift */,
				3EAE4CC2B2B7DB4305A64F80 /* ResearchFlowView.swift */,
			);
			path = Components;
			sourceTree = "<group>";
		};
		3E2EB7352F2218E600CF7C5B /* Onboarding */ = {
			isa = PBXGroup;
			children = (
				3E2EB7342F2218E600CF7C5B /* OnboardingView.swift */,
			);
			path = Onboarding;
			sourceTree = "<group>";
		};
		3E2EB7392F2218E600CF7C5B /* Tabs */ = {
			isa = PBXGroup;
			children = (
				3E2EB7362F2218E600CF7C5B /* ArchiveTabView.swift */,
				3E2EB7372F2218E600CF7C5B /* BlueprintTabView.swift */,
				3E2EB7382F2218E600CF7C5B /* SpanTabView.swift */,
			);
			path = Tabs;
			sourceTree = "<group>";
		};
		3E2EB73E2F2218E600CF7C5B /* Views */ = {
			isa = PBXGroup;
			children = (
				3E2EB7332F2218E600CF7C5B /* Components */,
				3E2EB7352F2218E600CF7C5B /* Onboarding */,
				3E2EB7392F2218E600CF7C5B /* Tabs */,
				3E2EB73A2F2218E600CF7C5B /* MainTabView.swift */,
				3E2EB73B2F2218E600CF7C5B /* NimbusStageView.swift */,
				3E2EB73C2F2218E600CF7C5B /* RootLauncherView.swift */,
				3E2EB73D2F2218E600CF7C5B /* SiteCanvasRepresentable.swift */,
				3E2EB7612F221D8F00CF7C5B /* SplashView.swift */,
			);
			path = Views;
			sourceTree = "<group>";
		};
		3E2EB73F2F2218E600CF7C5B /* Presentation */ = {
			isa = PBXGroup;
			children = (
				3E2EB72D2F2218E600CF7C5B /* Theme */,
				3E2EB7312F2218E600CF7C5B /* ViewModels */,
				3E2EB73E2F2218E600CF7C5B /* Views */,
			);
			path = Presentation;
			sourceTree = "<group>";
		};
		3E2EB7412F2218E600CF7C5B /* Services */ = {
			isa = PBXGroup;
			children = (
				3E2EB7402F2218E600CF7C5B /* SystemServices.swift */,
			);
			path = Services;
			sourceTree = "<group>";
		};
		3E2EB7422F2218E600CF7C5B /* System */ = {
			isa = PBXGroup;
			children = (
				3E2EB7412F2218E600CF7C5B /* Services */,
			);
			path = System;
			sourceTree = "<group>";
		};
		3E2EB7452F2218E600CF7C5B /* JoGitEndurancePlanner */ = {
			isa = PBXGroup;
			children = (
				3E2EB7602F221B0E00CF7C5B /* Info.plist */,
				3E2EB7442F2218E600CF7C5B /* JoGitEndurancePlannerApp.swift */,
				3E2EB71F2F2218E600CF7C5B /* Data */,
				3E2EB7282F2218E600CF7C5B /* Domain */,
				3E2EB72B2F2218E600CF7C5B /* Persistence */,
				3E2EB73F2F2218E600CF7C5B /* Presentation */,
				3E2EB7422F2218E600CF7C5B /* System */,
				3E2EB7432F2218E600CF7C5B /* Assets.xcassets */,
			);
			path = JoGitEndurancePlanner;
			sourceTree = "<group>";
		};
/* End PBXGroup section */

/* Begin PBXNativeTarget section */
		286E1BE72EC1C5BE00D34BBB /* JoGitEndurancePlanner */ = {
			isa = PBXNativeTarget;
			buildConfigurationList = 286E1BF32EC1C5BF00D34BBB /* Build configuration list for PBXNativeTarget "JoGitEndurancePlanner" */;
			buildPhases = (
				286E1BE42EC1C5BE00D34BBB /* Sources */,
				286E1BE52EC1C5BE00D34BBB /* Frameworks */,
				286E1BE62EC1C5BE00D34BBB /* Resources */,
			);
			buildRules = (
			);
			dependencies = (
			);
			name = JoGitEndurancePlanner;
			packageProductDependencies = (
			);
			productName = JoGitEndurancePlanner;
			productReference = 286E1BE82EC1C5BE00D34BBB /* JoGitEndurancePlanner.app */;
			productType = "com.apple.product-type.application";
		};
/* End PBXNativeTarget section */

/* Begin PBXProject section */
		286E1BE02EC1C5BE00D34BBB /* Project object */ = {
			isa = PBXProject;
			attributes = {
				BuildIndependentTargetsInParallel = 1;
				LastSwiftUpdateCheck = 2600;
				LastUpgradeCheck = 2600;
				TargetAttributes = {
					286E1BE72EC1C5BE00D34BBB = {
						CreatedOnToolsVersion = 26.0.1;
					};
				};
			};
			buildConfigurationList = 286E1BE32EC1C5BE00D34BBB /* Build configuration list for PBXProject "JoGitEndurancePlanner" */;
			developmentRegion = en;
			hasScannedForEncodings = 0;
			knownRegions = (
				en,
				Base,
			);
			mainGroup = 286E1BDF2EC1C5BE00D34BBB;
			minimizedProjectReferenceProxies = 1;
			preferredProjectObjectVersion = 77;
			productRefGroup = 286E1BE92EC1C5BE00D34BBB /* Products */;
			projectDirPath = "";
			projectRoot = "";
			targets = (
				286E1BE72EC1C5BE00D34BBB /* JoGitEndurancePlanner */,
			);
		};
/* End PBXProject section */

/* Begin PBXResourcesBuildPhase section */
		286E1BE62EC1C5BE00D34BBB /* Resources */ = {
			isa = PBXResourcesBuildPhase;
			buildActionMask = 2147483647;
			files = (
				3E2EB7472F2218E600CF7C5B /* Assets.xcassets in Resources */,
			);
			runOnlyForDeploymentPostprocessing = 0;
		};
/* End PBXResourcesBuildPhase section */

/* Begin PBXSourcesBuildPhase section */
		286E1BE42EC1C5BE00D34BBB /* Sources */ = {
			isa = PBXSourcesBuildPhase;
			buildActionMask = 2147483647;
			files = (
				3E2EB7482F2218E600CF7C5B /* BounceVaultRepository.swift in Sources */,
				3E2EB7492F2218E600CF7C5B /* ConfigVaultRepository.swift in Sources */,
				3E2EB7622F221D8F00CF7C5B /* SplashView.swift in Sources */,
				3E2EB74A2F2218E600CF7C5B /* MetricsVaultRepository.swift in Sources */,
				3E2EB74B2F2218E600CF7C5B /* AppFlowManager.swift in Sources */,
				3E2EB74C2F2218E600CF7C5B /* BounceModels.swift in Sources */,
				3E2EB74D2F2218E600CF7C5B /* LinkGateway.swift in Sources */,
				3E2EB74E2F2218E600CF7C5B /* RepositoryProtocols.swift in Sources */,
				3E2EB74F2F2218E600CF7C5B /* PersistenceCoordinator.swift in Sources */,
				3E2EB7502F2218E600CF7C5B /* PersistenceSchema.xcdatamodeld in Sources */,
				3E2EB7512F2218E600CF7C5B /* AppTheme.swift in Sources */,
				3E2EB7522F2218E600CF7C5B /* ArchiveViewModel.swift in Sources */,
				3E2EB7532F2218E600CF7C5B /* BlueprintViewModel.swift in Sources */,
				3E2EB7542F2218E600CF7C5B /* SpanViewModel.swift in Sources */,
				3E2EB7552F2218E600CF7C5B /* ChartViews.swift in Sources */,
				3E2EB7562F2218E600CF7C5B /* OnboardingView.swift in Sources */,
				3E2EB7572F2218E600CF7C5B /* ArchiveTabView.swift in Sources */,
				3E2EB7682F22207800CF7C5B /* ImagePicker.swift in Sources */,
				0AE4FF0E322D4F3FB5B58DE7 /* OnboardingState.swift in Sources */,
				3E2EB7662F22206200CF7C5B /* UserProfile.swift in Sources */,
				3E2EB7582F2218E600CF7C5B /* BlueprintTabView.swift in Sources */,
				3E2EB7642F22204900CF7C5B /* UserProfileRepository.swift in Sources */,
				3E2EB7592F2218E600CF7C5B /* SpanTabView.swift in Sources */,
				3E2EB75A2F2218E600CF7C5B /* MainTabView.swift in Sources */,
				3E2EB75B2F2218E600CF7C5B /* NimbusStageView.swift in Sources */,
				3E2EB75C2F2218E600CF7C5B /* RootLauncherView.swift in Sources */,
				3E2EB75D2F2218E600CF7C5B /* SiteCanvasRepresentable.swift in Sources */,
				3E2EB75E2F2218E600CF7C5B /* SystemServices.swift in Sources */,
				3E2EB75F2F2218E600CF7C5B /* JoGitEndurancePlannerApp.swift in Sources */,
				3ECDD84841A19B4DFD8F0752 /* NewExerciseService.swift in Sources */,
				3E6D12AACC15E04322B629DB /* CoordinatorObserver.swift in Sources */,
				3E32A7C8677E57422685F2C8 /* ResearchFlowView.swift in Sources */,
			);
			runOnlyForDeploymentPostprocessing = 0;
		};
/* End PBXSourcesBuildPhase section */

/* Begin XCBuildConfiguration section */
		286E1BF12EC1C5BF00D34BBB /* Debug */ = {
			isa = XCBuildConfiguration;
			buildSettings = {
				ALWAYS_SEARCH_USER_PATHS = NO;
				ASSETCATALOG_COMPILER_GENERATE_SWIFT_ASSET_SYMBOL_EXTENSIONS = YES;
				CLANG_ANALYZER_NONNULL = YES;
				CLANG_ANALYZER_NUMBER_OBJECT_CONVERSION = YES_AGGRESSIVE;
				CLANG_CXX_LANGUAGE_STANDARD = "gnu++20";
				CLANG_ENABLE_MODULES = YES;
				CLANG_ENABLE_OBJC_ARC = YES;
				CLANG_ENABLE_OBJC_WEAK = YES;
				CLANG_WARN_BLOCK_CAPTURE_AUTORELEASING = YES;
				CLANG_WARN_BOOL_CONVERSION = YES;
				CLANG_WARN_COMMA = YES;
				CLANG_WARN_CONSTANT_CONVERSION = YES;
				CLANG_WARN_DEPRECATED_OBJC_IMPLEMENTATIONS = YES;
				CLANG_WARN_DIRECT_OBJC_ISA_USAGE = YES_ERROR;
				CLANG_WARN_DOCUMENTATION_COMMENTS = YES;
				CLANG_WARN_EMPTY_BODY = YES;
				CLANG_WARN_ENUM_CONVERSION = YES;
				CLANG_WARN_INFINITE_RECURSION = YES;
				CLANG_WARN_INT_CONVERSION = YES;
				CLANG_WARN_NON_LITERAL_NULL_CONVERSION = YES;
				CLANG_WARN_OBJC_IMPLICIT_RETAIN_SELF = YES;
				CLANG_WARN_OBJC_LITERAL_CONVERSION = YES;
				CLANG_WARN_OBJC_ROOT_CLASS = YES_ERROR;
				CLANG_WARN_QUOTED_INCLUDE_IN_FRAMEWORK_HEADER = YES;
				CLANG_WARN_RANGE_LOOP_ANALYSIS = YES;
				CLANG_WARN_STRICT_PROTOTYPES = YES;
				CLANG_WARN_SUSPICIOUS_MOVE = YES;
				CLANG_WARN_UNGUARDED_AVAILABILITY = YES_AGGRESSIVE;
				CLANG_WARN_UNREACHABLE_CODE = YES;
				CLANG_WARN__DUPLICATE_METHOD_MATCH = YES;
				COPY_PHASE_STRIP = NO;
				DEBUG_INFORMATION_FORMAT = dwarf;
				DEVELOPMENT_TEAM = FK4VB24PPQ;
				ENABLE_STRICT_OBJC_MSGSEND = YES;
				ENABLE_TESTABILITY = YES;
				ENABLE_USER_SCRIPT_SANDBOXING = YES;
				GCC_C_LANGUAGE_STANDARD = gnu17;
				GCC_DYNAMIC_NO_PIC = NO;
				GCC_NO_COMMON_BLOCKS = YES;
				GCC_OPTIMIZATION_LEVEL = 0;
				GCC_PREPROCESSOR_DEFINITIONS = (
					"DEBUG=1",
					"$(inherited)",
				);
				GCC_WARN_64_TO_32_BIT_CONVERSION = YES;
				GCC_WARN_ABOUT_RETURN_TYPE = YES_ERROR;
				GCC_WARN_UNDECLARED_SELECTOR = YES;
				GCC_WARN_UNINITIALIZED_AUTOS = YES_AGGRESSIVE;
				GCC_WARN_UNUSED_FUNCTION = YES;
				GCC_WARN_UNUSED_VARIABLE = YES;
				IPHONEOS_DEPLOYMENT_TARGET = 15.0;
				LOCALIZATION_PREFERS_STRING_CATALOGS = YES;
				MTL_ENABLE_DEBUG_INFO = INCLUDE_SOURCE;
				MTL_FAST_MATH = YES;
				ONLY_ACTIVE_ARCH = YES;
				SDKROOT = iphoneos;
				SWIFT_ACTIVE_COMPILATION_CONDITIONS = "DEBUG $(inherited)";
				SWIFT_OPTIMIZATION_LEVEL = "-Onone";
			};
			name = Debug;
		};
		286E1BF22EC1C5BF00D34BBB /* Release */ = {
			isa = XCBuildConfiguration;
			buildSettings = {
				ALWAYS_SEARCH_USER_PATHS = NO;
				ASSETCATALOG_COMPILER_GENERATE_SWIFT_ASSET_SYMBOL_EXTENSIONS = YES;
				CLANG_ANALYZER_NONNULL = YES;
				CLANG_ANALYZER_NUMBER_OBJECT_CONVERSION = YES_AGGRESSIVE;
				CLANG_CXX_LANGUAGE_STANDARD = "gnu++20";
				CLANG_ENABLE_MODULES = YES;
				CLANG_ENABLE_OBJC_ARC = YES;
				CLANG_ENABLE_OBJC_WEAK = YES;
				CLANG_WARN_BLOCK_CAPTURE_AUTORELEASING = YES;
				CLANG_WARN_BOOL_CONVERSION = YES;
				CLANG_WARN_COMMA = YES;
				CLANG_WARN_CONSTANT_CONVERSION = YES;
				CLANG_WARN_DEPRECATED_OBJC_IMPLEMENTATIONS = YES;
				CLANG_WARN_DIRECT_OBJC_ISA_USAGE = YES_ERROR;
				CLANG_WARN_DOCUMENTATION_COMMENTS = YES;
				CLANG_WARN_EMPTY_BODY = YES;
				CLANG_WARN_ENUM_CONVERSION = YES;
				CLANG_WARN_INFINITE_RECURSION = YES;
				CLANG_WARN_INT_CONVERSION = YES;
				CLANG_WARN_NON_LITERAL_NULL_CONVERSION = YES;
				CLANG_WARN_OBJC_IMPLICIT_RETAIN_SELF = YES;
				CLANG_WARN_OBJC_LITERAL_CONVERSION = YES;
				CLANG_WARN_OBJC_ROOT_CLASS = YES_ERROR;
				CLANG_WARN_QUOTED_INCLUDE_IN_FRAMEWORK_HEADER = YES;
				CLANG_WARN_RANGE_LOOP_ANALYSIS = YES;
				CLANG_WARN_STRICT_PROTOTYPES = YES;
				CLANG_WARN_SUSPICIOUS_MOVE = YES;
				CLANG_WARN_UNGUARDED_AVAILABILITY = YES_AGGRESSIVE;
				CLANG_WARN_UNREACHABLE_CODE = YES;
				CLANG_WARN__DUPLICATE_METHOD_MATCH = YES;
				COPY_PHASE_STRIP = NO;
				DEBUG_INFORMATION_FORMAT = "dwarf-with-dsym";
				DEVELOPMENT_TEAM = FK4VB24PPQ;
				ENABLE_NS_ASSERTIONS = NO;
				ENABLE_STRICT_OBJC_MSGSEND = YES;
				ENABLE_USER_SCRIPT_SANDBOXING = YES;
				GCC_C_LANGUAGE_STANDARD = gnu17;
				GCC_NO_COMMON_BLOCKS = YES;
				GCC_WARN_64_TO_32_BIT_CONVERSION = YES;
				GCC_WARN_ABOUT_RETURN_TYPE = YES_ERROR;
				GCC_WARN_UNDECLARED_SELECTOR = YES;
				GCC_WARN_UNINITIALIZED_AUTOS = YES_AGGRESSIVE;
				GCC_WARN_UNUSED_FUNCTION = YES;
				GCC_WARN_UNUSED_VARIABLE = YES;
				IPHONEOS_DEPLOYMENT_TARGET = 15.0;
				LOCALIZATION_PREFERS_STRING_CATALOGS = YES;
				MTL_ENABLE_DEBUG_INFO = NO;
				MTL_FAST_MATH = YES;
				SDKROOT = iphoneos;
				SWIFT_COMPILATION_MODE = wholemodule;
				VALIDATE_PRODUCT = YES;
			};
			name = Release;
		};
		286E1BF42EC1C5BF00D34BBB /* Debug */ = {
			isa = XCBuildConfiguration;
			buildSettings = {
				ASSETCATALOG_COMPILER_APPICON_NAME = AppIcon;
				ASSETCATALOG_COMPILER_GLOBAL_ACCENT_COLOR_NAME = AccentColor;
				CODE_SIGN_STYLE = Manual;
				CURRENT_PROJECT_VERSION = 1;
				DEVELOPMENT_TEAM = "";
				ENABLE_PREVIEWS = YES;
				GENERATE_INFOPLIST_FILE = YES;
				INFOPLIST_FILE = JoGitEndurancePlanner/Info.plist;
				INFOPLIST_KEY_CFBundleDisplayName = "CR:EndurancePlanner";
				INFOPLIST_KEY_NSCameraUsageDescription = "We use the camera to let you take photos inside the app.";
				INFOPLIST_KEY_UIApplicationSceneManifest_Generation = YES;
				INFOPLIST_KEY_UIApplicationSupportsIndirectInputEvents = YES;
				INFOPLIST_KEY_UILaunchScreen_Generation = YES;
				INFOPLIST_KEY_UISupportedInterfaceOrientations = UIInterfaceOrientationPortrait;
				INFOPLIST_KEY_UISupportedInterfaceOrientations_iPad = "UIInterfaceOrientationLandscapeLeft UIInterfaceOrientationLandscapeRight UIInterfaceOrientationPortrait UIInterfaceOrientationPortraitUpsideDown";
				IPHONEOS_DEPLOYMENT_TARGET = 15.0;
				LD_RUNPATH_SEARCH_PATHS = (
					"$(inherited)",
					"@executable_path/Frameworks",
				);
				MARKETING_VERSION = 1.1.0;
				PRODUCT_BUNDLE_IDENTIFIER = com.emirhanbahyar.endurancepanner;
				PRODUCT_NAME = "$(TARGET_NAME)";
				PROVISIONING_PROFILE_SPECIFIER = "";
				STRING_CATALOG_GENERATE_SYMBOLS = YES;
				SUPPORTED_PLATFORMS = "iphoneos iphonesimulator";
				SUPPORTS_MACCATALYST = NO;
				SUPPORTS_MAC_DESIGNED_FOR_IPHONE_IPAD = NO;
				SUPPORTS_XR_DESIGNED_FOR_IPHONE_IPAD = NO;
				SWIFT_APPROACHABLE_CONCURRENCY = YES;
				SWIFT_DEFAULT_ACTOR_ISOLATION = MainActor;
				SWIFT_EMIT_LOC_STRINGS = YES;
				SWIFT_UPCOMING_FEATURE_MEMBER_IMPORT_VISIBILITY = YES;
				SWIFT_VERSION = 5.0;
				TARGETED_DEVICE_FAMILY = 1;
			};
			name = Debug;
		};
		286E1BF52EC1C5BF00D34BBB /* Release */ = {
			isa = XCBuildConfiguration;
			buildSettings = {
				ASSETCATALOG_COMPILER_APPICON_NAME = AppIcon;
				ASSETCATALOG_COMPILER_GLOBAL_ACCENT_COLOR_NAME = AccentColor;
				CODE_SIGN_STYLE = Manual;
				CURRENT_PROJECT_VERSION = 1;
				DEVELOPMENT_TEAM = "";
				ENABLE_PREVIEWS = YES;
				GENERATE_INFOPLIST_FILE = YES;
				INFOPLIST_FILE = JoGitEndurancePlanner/Info.plist;
				INFOPLIST_KEY_CFBundleDisplayName = "CR:EndurancePlanner";
				INFOPLIST_KEY_NSCameraUsageDescription = "We use the camera to let you take photos inside the app.";
				INFOPLIST_KEY_UIApplicationSceneManifest_Generation = YES;
				INFOPLIST_KEY_UIApplicationSupportsIndirectInputEvents = YES;
				INFOPLIST_KEY_UILaunchScreen_Generation = YES;
				INFOPLIST_KEY_UISupportedInterfaceOrientations = UIInterfaceOrientationPortrait;
				INFOPLIST_KEY_UISupportedInterfaceOrientations_iPad = "UIInterfaceOrientationLandscapeLeft UIInterfaceOrientationLandscapeRight UIInterfaceOrientationPortrait UIInterfaceOrientationPortraitUpsideDown";
				IPHONEOS_DEPLOYMENT_TARGET = 15.0;
				LD_RUNPATH_SEARCH_PATHS = (
					"$(inherited)",
					"@executable_path/Frameworks",
				);
				MARKETING_VERSION = 1.1.0;
				PRODUCT_BUNDLE_IDENTIFIER = com.emirhanbahyar.endurancepanner;
				PRODUCT_NAME = "$(TARGET_NAME)";
				PROVISIONING_PROFILE_SPECIFIER = "";
				STRING_CATALOG_GENERATE_SYMBOLS = YES;
				SUPPORTED_PLATFORMS = "iphoneos iphonesimulator";
				SUPPORTS_MACCATALYST = NO;
				SUPPORTS_MAC_DESIGNED_FOR_IPHONE_IPAD = NO;
				SUPPORTS_XR_DESIGNED_FOR_IPHONE_IPAD = NO;
				SWIFT_APPROACHABLE_CONCURRENCY = YES;
				SWIFT_DEFAULT_ACTOR_ISOLATION = MainActor;
				SWIFT_EMIT_LOC_STRINGS = YES;
				SWIFT_UPCOMING_FEATURE_MEMBER_IMPORT_VISIBILITY = YES;
				SWIFT_VERSION = 5.0;
				TARGETED_DEVICE_FAMILY = 1;
			};
			name = Release;
		};
/* End XCBuildConfiguration section */

/* Begin XCConfigurationList section */
		286E1BE32EC1C5BE00D34BBB /* Build configuration list for PBXProject "JoGitEndurancePlanner" */ = {
			isa = XCConfigurationList;
			buildConfigurations = (
				286E1BF12EC1C5BF00D34BBB /* Debug */,
				286E1BF22EC1C5BF00D34BBB /* Release */,
			);
			defaultConfigurationIsVisible = 0;
			defaultConfigurationName = Release;
		};
		286E1BF32EC1C5BF00D34BBB /* Build configuration list for PBXNativeTarget "JoGitEndurancePlanner" */ = {
			isa = XCConfigurationList;
			buildConfigurations = (
				286E1BF42EC1C5BF00D34BBB /* Debug */,
				286E1BF52EC1C5BF00D34BBB /* Release */,
			);
			defaultConfigurationIsVisible = 0;
			defaultConfigurationName = Release;
		};
/* End XCConfigurationList section */

/* Begin XCVersionGroup section */
		3E2EB72A2F2218E600CF7C5B /* PersistenceSchema.xcdatamodeld */ = {
			isa = XCVersionGroup;
			children = (
				3E2EB7462F2218E600CF7C5B /* PersistenceSchema.xcdatamodel */,
			);
			currentVersion = 3E2EB7462F2218E600CF7C5B /* PersistenceSchema.xcdatamodel */;
			path = PersistenceSchema.xcdatamodeld;
			sourceTree = "<group>";
			versionGroupType = wrapper.xcdatamodel;
		};
/* End XCVersionGroup section */
	};
	rootObject = 286E1BE02EC1C5BE00D34BBB /* Project object */;
}
