// !$*UTF8*$!
{
	archiveVersion = 1;
	classes = {
	};
	objectVersion = 77;
	objects = {

/* Begin PBXBuildFile section */
		3E2EB8312F22248C00CF7C5B /* Assets.xcassets in Resources */ = {isa = PBXBuildFile; fileRef = 3E2EB82A2F22248C00CF7C5B /* Assets.xcassets */; };
		3E2EB8332F22248C00CF7C5B /* DailyMetricsRepositoryProtocol.swift in Sources */ = {isa = PBXBuildFile; fileRef = 3E2EB7EA2F22248C00CF7C5B /* DailyMetricsRepositoryProtocol.swift */; };
		3E2EB8342F22248C00CF7C5B /* FoodIngredientRepositoryProtocol.swift in Sources */ = {isa = PBXBuildFile; fileRef = 3E2EB7EB2F22248C00CF7C5B /* FoodIngredientRepositoryProtocol.swift */; };
		3E2EB8352F22248C00CF7C5B /* MealSlotRepositoryProtocol.swift in Sources */ = {isa = PBXBuildFile; fileRef = 3E2EB7EC2F22248C00CF7C5B /* MealSlotRepositoryProtocol.swift */; };
		3E2EB8362F22248C00CF7C5B /* SavedTemplateRepositoryProtocol.swift in Sources */ = {isa = PBXBuildFile; fileRef = 3E2EB7ED2F22248C00CF7C5B /* SavedTemplateRepositoryProtocol.swift */; };
		3E2EB8372F22248C00CF7C5B /* UserConfigurationRepositoryProtocol.swift in Sources */ = {isa = PBXBuildFile; fileRef = 3E2EB7EE2F22248C00CF7C5B /* UserConfigurationRepositoryProtocol.swift */; };
		3E2EB8382F22248C00CF7C5B /* DailyMetricsRepositoryImpl.swift in Sources */ = {isa = PBXBuildFile; fileRef = 3E2EB7F02F22248C00CF7C5B /* DailyMetricsRepositoryImpl.swift */; };
		3E2EB8392F22248C00CF7C5B /* FoodIngredientRepositoryImpl.swift in Sources */ = {isa = PBXBuildFile; fileRef = 3E2EB7F12F22248C00CF7C5B /* FoodIngredientRepositoryImpl.swift */; };
		3E2EB83A2F22248C00CF7C5B /* MealSlotRepositoryImpl.swift in Sources */ = {isa = PBXBuildFile; fileRef = 3E2EB7F22F22248C00CF7C5B /* MealSlotRepositoryImpl.swift */; };
		3E2EB83B2F22248C00CF7C5B /* SavedTemplateRepositoryImpl.swift in Sources */ = {isa = PBXBuildFile; fileRef = 3E2EB7F32F22248C00CF7C5B /* SavedTemplateRepositoryImpl.swift */; };
		3E2EB83C2F22248C00CF7C5B /* UserConfigurationRepositoryImpl.swift in Sources */ = {isa = PBXBuildFile; fileRef = 3E2EB7F42F22248C00CF7C5B /* UserConfigurationRepositoryImpl.swift */; };
		3E2EB83D2F22248C00CF7C5B /* CoreDataStackProvider.swift in Sources */ = {isa = PBXBuildFile; fileRef = 3E2EB7F62F22248C00CF7C5B /* CoreDataStackProvider.swift */; };
		3E2EB83E2F22248C00CF7C5B /* SeedDataLoader.swift in Sources */ = {isa = PBXBuildFile; fileRef = 3E2EB7F72F22248C00CF7C5B /* SeedDataLoader.swift */; };
		3E2EB83F2F22248C00CF7C5B /* ChartDTOs.swift in Sources */ = {isa = PBXBuildFile; fileRef = 3E2EB7F92F22248C00CF7C5B /* ChartDTOs.swift */; };
		3E2EB8402F22248C00CF7C5B /* DailyMetricsDTO.swift in Sources */ = {isa = PBXBuildFile; fileRef = 3E2EB7FA2F22248C00CF7C5B /* DailyMetricsDTO.swift */; };
		3E2EB8412F22248C00CF7C5B /* FoodIngredientDTO.swift in Sources */ = {isa = PBXBuildFile; fileRef = 3E2EB7FB2F22248C00CF7C5B /* FoodIngredientDTO.swift */; };
		3E2EB8422F22248C00CF7C5B /* MealSlotRecordDTO.swift in Sources */ = {isa = PBXBuildFile; fileRef = 3E2EB7FC2F22248C00CF7C5B /* MealSlotRecordDTO.swift */; };
		3E2EB8432F22248C00CF7C5B /* SavedTemplateDTO.swift in Sources */ = {isa = PBXBuildFile; fileRef = 3E2EB7FD2F22248C00CF7C5B /* SavedTemplateDTO.swift */; };
		3E2EB8442F22248C00CF7C5B /* UserConfigurationDTO.swift in Sources */ = {isa = PBXBuildFile; fileRef = 3E2EB7FE2F22248C00CF7C5B /* UserConfigurationDTO.swift */; };
		3E2EB8452F22248C00CF7C5B /* AppFlowManager.swift in Sources */ = {isa = PBXBuildFile; fileRef = 3E2EB8012F22248C00CF7C5B /* AppFlowManager.swift */; };
		3E2EB8462F22248C00CF7C5B /* LinkGateway.swift in Sources */ = {isa = PBXBuildFile; fileRef = 3E2EB8032F22248C00CF7C5B /* LinkGateway.swift */; };
		3E2EB8472F22248C00CF7C5B /* BalanceCalculationServiceImpl.swift in Sources */ = {isa = PBXBuildFile; fileRef = 3E2EB8052F22248C00CF7C5B /* BalanceCalculationServiceImpl.swift */; };
		3E2EB8482F22248C00CF7C5B /* ChartBuilderServiceImpl.swift in Sources */ = {isa = PBXBuildFile; fileRef = 3E2EB8062F22248C00CF7C5B /* ChartBuilderServiceImpl.swift */; };
		3E2EB8492F22248C00CF7C5B /* DailyAggregationServiceImpl.swift in Sources */ = {isa = PBXBuildFile; fileRef = 3E2EB8072F22248C00CF7C5B /* DailyAggregationServiceImpl.swift */; };
		3E2EB84A2F22248C00CF7C5B /* HapticFeedbackProvider.swift in Sources */ = {isa = PBXBuildFile; fileRef = 3E2EB8082F22248C00CF7C5B /* HapticFeedbackProvider.swift */; };
		3E2EB84B2F22248C00CF7C5B /* TemplateManagementServiceImpl.swift in Sources */ = {isa = PBXBuildFile; fileRef = 3E2EB8092F22248C00CF7C5B /* TemplateManagementServiceImpl.swift */; };
		3E2EB84C2F22248C00CF7C5B /* TextFileExportServiceImpl.swift in Sources */ = {isa = PBXBuildFile; fileRef = 3E2EB80A2F22248C00CF7C5B /* TextFileExportServiceImpl.swift */; };
		3E2EB84D2F22248C00CF7C5B /* AddIngredientToSlotUseCase.swift in Sources */ = {isa = PBXBuildFile; fileRef = 3E2EB80C2F22248C00CF7C5B /* AddIngredientToSlotUseCase.swift */; };
		3E2EB84E2F22248C00CF7C5B /* ApplySavedTemplateUseCase.swift in Sources */ = {isa = PBXBuildFile; fileRef = 3E2EB80D2F22248C00CF7C5B /* ApplySavedTemplateUseCase.swift */; };
		3E2EB84F2F22248C00CF7C5B /* BuildPlateVisualizationUseCase.swift in Sources */ = {isa = PBXBuildFile; fileRef = 3E2EB80E2F22248C00CF7C5B /* BuildPlateVisualizationUseCase.swift */; };
		3E2EB8502F22248C00CF7C5B /* ClearSlotAndRecomputeUseCase.swift in Sources */ = {isa = PBXBuildFile; fileRef = 3E2EB80F2F22248C00CF7C5B /* ClearSlotAndRecomputeUseCase.swift */; };
		3E2EB8512F22248C00CF7C5B /* ExportDayReportUseCase.swift in Sources */ = {isa = PBXBuildFile; fileRef = 3E2EB8102F22248C00CF7C5B /* ExportDayReportUseCase.swift */; };
		3E2EB8522F22248C00CF7C5B /* FetchWeeklySummaryUseCase.swift in Sources */ = {isa = PBXBuildFile; fileRef = 3E2EB8112F22248C00CF7C5B /* FetchWeeklySummaryUseCase.swift */; };
		3E2EB8532F22248C00CF7C5B /* AppNotifications.swift in Sources */ = {isa = PBXBuildFile; fileRef = 3E2EB8132F22248C00CF7C5B /* AppNotifications.swift */; };
		3E2EB8542F22248C00CF7C5B /* ColorExtensions.swift in Sources */ = {isa = PBXBuildFile; fileRef = 3E2EB8142F22248C00CF7C5B /* ColorExtensions.swift */; };
		3E2EB8552F22248C00CF7C5B /* DateExtensions.swift in Sources */ = {isa = PBXBuildFile; fileRef = 3E2EB8152F22248C00CF7C5B /* DateExtensions.swift */; };
		3E2EB8562F22248C00CF7C5B /* DaySummaryViewModel.swift in Sources */ = {isa = PBXBuildFile; fileRef = 3E2EB8172F22248C00CF7C5B /* DaySummaryViewModel.swift */; };
		3E2EB8572F22248C00CF7C5B /* IngredientsListViewModel.swift in Sources */ = {isa = PBXBuildFile; fileRef = 3E2EB8182F22248C00CF7C5B /* IngredientsListViewModel.swift */; };
		3E2EB8582F22248C00CF7C5B /* OnboardingCoordinator.swift in Sources */ = {isa = PBXBuildFile; fileRef = 3E2EB8192F22248C00CF7C5B /* OnboardingCoordinator.swift */; };
		3E2EB8592F22248C00CF7C5B /* PlateConstructorViewModel.swift in Sources */ = {isa = PBXBuildFile; fileRef = 3E2EB81A2F22248C00CF7C5B /* PlateConstructorViewModel.swift */; };
		3E2EB85A2F22248C00CF7C5B /* TemplateLibraryViewModel.swift in Sources */ = {isa = PBXBuildFile; fileRef = 3E2EB81B2F22248C00CF7C5B /* TemplateLibraryViewModel.swift */; };
		3E2EB85B2F22248C00CF7C5B /* DayTimelineView.swift in Sources */ = {isa = PBXBuildFile; fileRef = 3E2EB81D2F22248C00CF7C5B /* DayTimelineView.swift */; };
		3E2EB85C2F22248C00CF7C5B /* PlateDonutVisualizationView.swift in Sources */ = {isa = PBXBuildFile; fileRef = 3E2EB81E2F22248C00CF7C5B /* PlateDonutVisualizationView.swift */; };
		3E2EB85D2F22248C00CF7C5B /* WeeklyBarsChartView.swift in Sources */ = {isa = PBXBuildFile; fileRef = 3E2EB81F2F22248C00CF7C5B /* WeeklyBarsChartView.swift */; };
		3E2EB85E2F22248C00CF7C5B /* DaySummaryScreen.swift in Sources */ = {isa = PBXBuildFile; fileRef = 3E2EB8212F22248C00CF7C5B /* DaySummaryScreen.swift */; };
		3E2EB85F2F22248C00CF7C5B /* MainTabCoordinator.swift in Sources */ = {isa = PBXBuildFile; fileRef = 3E2EB8222F22248C00CF7C5B /* MainTabCoordinator.swift */; };
		3E2EB8602F22248C00CF7C5B /* NimbusStageView.swift in Sources */ = {isa = PBXBuildFile; fileRef = 3E2EB8232F22248C00CF7C5B /* NimbusStageView.swift */; };
		3E2EB8612F22248C00CF7C5B /* OnboardingFlowView.swift in Sources */ = {isa = PBXBuildFile; fileRef = 3E2EB8242F22248C00CF7C5B /* OnboardingFlowView.swift */; };
		3E2EB8622F22248C00CF7C5B /* PlateConstructorScreen.swift in Sources */ = {isa = PBXBuildFile; fileRef = 3E2EB8252F22248C00CF7C5B /* PlateConstructorScreen.swift */; };
		3E2EB8632F22248C00CF7C5B /* RootLauncherView.swift in Sources */ = {isa = PBXBuildFile; fileRef = 3E2EB8262F22248C00CF7C5B /* RootLauncherView.swift */; };
		3E2EB8642F22248C00CF7C5B /* SiteCanvasRepresentable.swift in Sources */ = {isa = PBXBuildFile; fileRef = 3E2EB8272F22248C00CF7C5B /* SiteCanvasRepresentable.swift */; };
		3E2EB8652F22248C00CF7C5B /* TemplateLibraryScreen.swift in Sources */ = {isa = PBXBuildFile; fileRef = 3E2EB8282F22248C00CF7C5B /* TemplateLibraryScreen.swift */; };
		3E2EB8662F22248C00CF7C5B /* DependencyContainer.swift in Sources */ = {isa = PBXBuildFile; fileRef = 3E2EB82B2F22248C00CF7C5B /* DependencyContainer.swift */; };
		3E2EB8672F22248C00CF7C5B /* MealBalanceCoreData.xcdatamodeld in Sources */ = {isa = PBXBuildFile; fileRef = 3E2EB82D2F22248C00CF7C5B /* MealBalanceCoreData.xcdatamodeld */; };
		3E2EB8682F22248C00CF7C5B /* UrBelRankingLadderApp.swift in Sources */ = {isa = PBXBuildFile; fileRef = 3E2EB82E2F22248C00CF7C5B /* UrBelRankingLadderApp.swift */; };
		3E2EB8692F22248C00CF7C5B /* ButtonStyles.swift in Sources */ = {isa = PBXBuildFile; fileRef = 3E2EB8AA2F22248C00CF7C5B /* ButtonStyles.swift */; };
		3E2EB8BB2F22248C00CF7C5B /* AppBackgroundView.swift in Sources */ = {isa = PBXBuildFile; fileRef = 3E2EB8BA2F22248C00CF7C5B /* AppBackgroundView.swift */; };
		3E2EB8C22F22248D00CF7C5B /* NewExerciseService.swift in Sources */ = {isa = PBXBuildFile; fileRef = 3E2EB8C02F22248D00CF7C5B /* NewExerciseService.swift */; };
		3E2EB8C32F22248D00CF7C5B /* ResearchFlowView.swift in Sources */ = {isa = PBXBuildFile; fileRef = 3E2EB8C12F22248D00CF7C5B /* ResearchFlowView.swift */; };
/* End PBXBuildFile section */

/* Begin PBXFileReference section */
		286F59AA2EBAD749007A2434 /* UrBelRankingLadder.app */ = {isa = PBXFileReference; explicitFileType = wrapper.application; includeInIndex = 0; path = UrBelRankingLadder.app; sourceTree = BUILT_PRODUCTS_DIR; };
		3E2EB7EA2F22248C00CF7C5B /* DailyMetricsRepositoryProtocol.swift */ = {isa = PBXFileReference; lastKnownFileType = sourcecode.swift; path = DailyMetricsRepositoryProtocol.swift; sourceTree = "<group>"; };
		3E2EB7EB2F22248C00CF7C5B /* FoodIngredientRepositoryProtocol.swift */ = {isa = PBXFileReference; lastKnownFileType = sourcecode.swift; path = FoodIngredientRepositoryProtocol.swift; sourceTree = "<group>"; };
		3E2EB7EC2F22248C00CF7C5B /* MealSlotRepositoryProtocol.swift */ = {isa = PBXFileReference; lastKnownFileType = sourcecode.swift; path = MealSlotRepositoryProtocol.swift; sourceTree = "<group>"; };
		3E2EB7ED2F22248C00CF7C5B /* SavedTemplateRepositoryProtocol.swift */ = {isa = PBXFileReference; lastKnownFileType = sourcecode.swift; path = SavedTemplateRepositoryProtocol.swift; sourceTree = "<group>"; };
		3E2EB7EE2F22248C00CF7C5B /* UserConfigurationRepositoryProtocol.swift */ = {isa = PBXFileReference; lastKnownFileType = sourcecode.swift; path = UserConfigurationRepositoryProtocol.swift; sourceTree = "<group>"; };
		3E2EB7F02F22248C00CF7C5B /* DailyMetricsRepositoryImpl.swift */ = {isa = PBXFileReference; lastKnownFileType = sourcecode.swift; path = DailyMetricsRepositoryImpl.swift; sourceTree = "<group>"; };
		3E2EB7F12F22248C00CF7C5B /* FoodIngredientRepositoryImpl.swift */ = {isa = PBXFileReference; lastKnownFileType = sourcecode.swift; path = FoodIngredientRepositoryImpl.swift; sourceTree = "<group>"; };
		3E2EB7F22F22248C00CF7C5B /* MealSlotRepositoryImpl.swift */ = {isa = PBXFileReference; lastKnownFileType = sourcecode.swift; path = MealSlotRepositoryImpl.swift; sourceTree = "<group>"; };
		3E2EB7F32F22248C00CF7C5B /* SavedTemplateRepositoryImpl.swift */ = {isa = PBXFileReference; lastKnownFileType = sourcecode.swift; path = SavedTemplateRepositoryImpl.swift; sourceTree = "<group>"; };
		3E2EB7F42F22248C00CF7C5B /* UserConfigurationRepositoryImpl.swift */ = {isa = PBXFileReference; lastKnownFileType = sourcecode.swift; path = UserConfigurationRepositoryImpl.swift; sourceTree = "<group>"; };
		3E2EB7F62F22248C00CF7C5B /* CoreDataStackProvider.swift */ = {isa = PBXFileReference; lastKnownFileType = sourcecode.swift; path = CoreDataStackProvider.swift; sourceTree = "<group>"; };
		3E2EB7F72F22248C00CF7C5B /* SeedDataLoader.swift */ = {isa = PBXFileReference; lastKnownFileType = sourcecode.swift; path = SeedDataLoader.swift; sourceTree = "<group>"; };
		3E2EB7F92F22248C00CF7C5B /* ChartDTOs.swift */ = {isa = PBXFileReference; lastKnownFileType = sourcecode.swift; path = ChartDTOs.swift; sourceTree = "<group>"; };
		3E2EB7FA2F22248C00CF7C5B /* DailyMetricsDTO.swift */ = {isa = PBXFileReference; lastKnownFileType = sourcecode.swift; path = DailyMetricsDTO.swift; sourceTree = "<group>"; };
		3E2EB7FB2F22248C00CF7C5B /* FoodIngredientDTO.swift */ = {isa = PBXFileReference; lastKnownFileType = sourcecode.swift; path = FoodIngredientDTO.swift; sourceTree = "<group>"; };
		3E2EB7FC2F22248C00CF7C5B /* MealSlotRecordDTO.swift */ = {isa = PBXFileReference; lastKnownFileType = sourcecode.swift; path = MealSlotRecordDTO.swift; sourceTree = "<group>"; };
		3E2EB7FD2F22248C00CF7C5B /* SavedTemplateDTO.swift */ = {isa = PBXFileReference; lastKnownFileType = sourcecode.swift; path = SavedTemplateDTO.swift; sourceTree = "<group>"; };
		3E2EB7FE2F22248C00CF7C5B /* UserConfigurationDTO.swift */ = {isa = PBXFileReference; lastKnownFileType = sourcecode.swift; path = UserConfigurationDTO.swift; sourceTree = "<group>"; };
		3E2EB8012F22248C00CF7C5B /* AppFlowManager.swift */ = {isa = PBXFileReference; lastKnownFileType = sourcecode.swift; path = AppFlowManager.swift; sourceTree = "<group>"; };
		3E2EB8032F22248C00CF7C5B /* LinkGateway.swift */ = {isa = PBXFileReference; lastKnownFileType = sourcecode.swift; path = LinkGateway.swift; sourceTree = "<group>"; };
		3E2EB8052F22248C00CF7C5B /* BalanceCalculationServiceImpl.swift */ = {isa = PBXFileReference; lastKnownFileType = sourcecode.swift; path = BalanceCalculationServiceImpl.swift; sourceTree = "<group>"; };
		3E2EB8062F22248C00CF7C5B /* ChartBuilderServiceImpl.swift */ = {isa = PBXFileReference; lastKnownFileType = sourcecode.swift; path = ChartBuilderServiceImpl.swift; sourceTree = "<group>"; };
		3E2EB8072F22248C00CF7C5B /* DailyAggregationServiceImpl.swift */ = {isa = PBXFileReference; lastKnownFileType = sourcecode.swift; path = DailyAggregationServiceImpl.swift; sourceTree = "<group>"; };
		3E2EB8082F22248C00CF7C5B /* HapticFeedbackProvider.swift */ = {isa = PBXFileReference; lastKnownFileType = sourcecode.swift; path = HapticFeedbackProvider.swift; sourceTree = "<group>"; };
		3E2EB8092F22248C00CF7C5B /* TemplateManagementServiceImpl.swift */ = {isa = PBXFileReference; lastKnownFileType = sourcecode.swift; path = TemplateManagementServiceImpl.swift; sourceTree = "<group>"; };
		3E2EB80A2F22248C00CF7C5B /* TextFileExportServiceImpl.swift */ = {isa = PBXFileReference; lastKnownFileType = sourcecode.swift; path = TextFileExportServiceImpl.swift; sourceTree = "<group>"; };
		3E2EB80C2F22248C00CF7C5B /* AddIngredientToSlotUseCase.swift */ = {isa = PBXFileReference; lastKnownFileType = sourcecode.swift; path = AddIngredientToSlotUseCase.swift; sourceTree = "<group>"; };
		3E2EB80D2F22248C00CF7C5B /* ApplySavedTemplateUseCase.swift */ = {isa = PBXFileReference; lastKnownFileType = sourcecode.swift; path = ApplySavedTemplateUseCase.swift; sourceTree = "<group>"; };
		3E2EB80E2F22248C00CF7C5B /* BuildPlateVisualizationUseCase.swift */ = {isa = PBXFileReference; lastKnownFileType = sourcecode.swift; path = BuildPlateVisualizationUseCase.swift; sourceTree = "<group>"; };
		3E2EB80F2F22248C00CF7C5B /* ClearSlotAndRecomputeUseCase.swift */ = {isa = PBXFileReference; lastKnownFileType = sourcecode.swift; path = ClearSlotAndRecomputeUseCase.swift; sourceTree = "<group>"; };
		3E2EB8102F22248C00CF7C5B /* ExportDayReportUseCase.swift */ = {isa = PBXFileReference; lastKnownFileType = sourcecode.swift; path = ExportDayReportUseCase.swift; sourceTree = "<group>"; };
		3E2EB8112F22248C00CF7C5B /* FetchWeeklySummaryUseCase.swift */ = {isa = PBXFileReference; lastKnownFileType = sourcecode.swift; path = FetchWeeklySummaryUseCase.swift; sourceTree = "<group>"; };
		3E2EB8132F22248C00CF7C5B /* AppNotifications.swift */ = {isa = PBXFileReference; lastKnownFileType = sourcecode.swift; path = AppNotifications.swift; sourceTree = "<group>"; };
		3E2EB8142F22248C00CF7C5B /* ColorExtensions.swift */ = {isa = PBXFileReference; lastKnownFileType = sourcecode.swift; path = ColorExtensions.swift; sourceTree = "<group>"; };
		3E2EB8152F22248C00CF7C5B /* DateExtensions.swift */ = {isa = PBXFileReference; lastKnownFileType = sourcecode.swift; path = DateExtensions.swift; sourceTree = "<group>"; };
		3E2EB8172F22248C00CF7C5B /* DaySummaryViewModel.swift */ = {isa = PBXFileReference; lastKnownFileType = sourcecode.swift; path = DaySummaryViewModel.swift; sourceTree = "<group>"; };
		3E2EB8182F22248C00CF7C5B /* IngredientsListViewModel.swift */ = {isa = PBXFileReference; lastKnownFileType = sourcecode.swift; path = IngredientsListViewModel.swift; sourceTree = "<group>"; };
		3E2EB8192F22248C00CF7C5B /* OnboardingCoordinator.swift */ = {isa = PBXFileReference; lastKnownFileType = sourcecode.swift; path = OnboardingCoordinator.swift; sourceTree = "<group>"; };
		3E2EB81A2F22248C00CF7C5B /* PlateConstructorViewModel.swift */ = {isa = PBXFileReference; lastKnownFileType = sourcecode.swift; path = PlateConstructorViewModel.swift; sourceTree = "<group>"; };
		3E2EB81B2F22248C00CF7C5B /* TemplateLibraryViewModel.swift */ = {isa = PBXFileReference; lastKnownFileType = sourcecode.swift; path = TemplateLibraryViewModel.swift; sourceTree = "<group>"; };
		3E2EB81D2F22248C00CF7C5B /* DayTimelineView.swift */ = {isa = PBXFileReference; lastKnownFileType = sourcecode.swift; path = DayTimelineView.swift; sourceTree = "<group>"; };
		3E2EB81E2F22248C00CF7C5B /* PlateDonutVisualizationView.swift */ = {isa = PBXFileReference; lastKnownFileType = sourcecode.swift; path = PlateDonutVisualizationView.swift; sourceTree = "<group>"; };
		3E2EB81F2F22248C00CF7C5B /* WeeklyBarsChartView.swift */ = {isa = PBXFileReference; lastKnownFileType = sourcecode.swift; path = WeeklyBarsChartView.swift; sourceTree = "<group>"; };
		3E2EB8212F22248C00CF7C5B /* DaySummaryScreen.swift */ = {isa = PBXFileReference; lastKnownFileType = sourcecode.swift; path = DaySummaryScreen.swift; sourceTree = "<group>"; };
		3E2EB8222F22248C00CF7C5B /* MainTabCoordinator.swift */ = {isa = PBXFileReference; lastKnownFileType = sourcecode.swift; path = MainTabCoordinator.swift; sourceTree = "<group>"; };
		3E2EB8232F22248C00CF7C5B /* NimbusStageView.swift */ = {isa = PBXFileReference; lastKnownFileType = sourcecode.swift; path = NimbusStageView.swift; sourceTree = "<group>"; };
		3E2EB8242F22248C00CF7C5B /* OnboardingFlowView.swift */ = {isa = PBXFileReference; lastKnownFileType = sourcecode.swift; path = OnboardingFlowView.swift; sourceTree = "<group>"; };
		3E2EB8252F22248C00CF7C5B /* PlateConstructorScreen.swift */ = {isa = PBXFileReference; lastKnownFileType = sourcecode.swift; path = PlateConstructorScreen.swift; sourceTree = "<group>"; };
		3E2EB8262F22248C00CF7C5B /* RootLauncherView.swift */ = {isa = PBXFileReference; lastKnownFileType = sourcecode.swift; path = RootLauncherView.swift; sourceTree = "<group>"; };
		3E2EB8272F22248C00CF7C5B /* SiteCanvasRepresentable.swift */ = {isa = PBXFileReference; lastKnownFileType = sourcecode.swift; path = SiteCanvasRepresentable.swift; sourceTree = "<group>"; };
		3E2EB8282F22248C00CF7C5B /* TemplateLibraryScreen.swift */ = {isa = PBXFileReference; lastKnownFileType = sourcecode.swift; path = TemplateLibraryScreen.swift; sourceTree = "<group>"; };
		3E2EB82A2F22248C00CF7C5B /* Assets.xcassets */ = {isa = PBXFileReference; lastKnownFileType = folder.assetcatalog; path = Assets.xcassets; sourceTree = "<group>"; };
		3E2EB82B2F22248C00CF7C5B /* DependencyContainer.swift */ = {isa = PBXFileReference; lastKnownFileType = sourcecode.swift; path = DependencyContainer.swift; sourceTree = "<group>"; };
		3E2EB82C2F22248C00CF7C5B /* Info.plist */ = {isa = PBXFileReference; lastKnownFileType = text.plist.xml; path = Info.plist; sourceTree = "<group>"; };
		3E2EB82E2F22248C00CF7C5B /* UrBelRankingLadderApp.swift */ = {isa = PBXFileReference; lastKnownFileType = sourcecode.swift; path = UrBelRankingLadderApp.swift; sourceTree = "<group>"; };
		3E2EB8302F22248C00CF7C5B /* MealBalanceCoreData.xcdatamodel */ = {isa = PBXFileReference; lastKnownFileType = wrapper.xcdatamodel; path = MealBalanceCoreData.xcdatamodel; sourceTree = "<group>"; };
		3E2EB8AA2F22248C00CF7C5B /* ButtonStyles.swift */ = {isa = PBXFileReference; lastKnownFileType = sourcecode.swift; path = ButtonStyles.swift; sourceTree = "<group>"; };
		3E2EB8BA2F22248C00CF7C5B /* AppBackgroundView.swift */ = {isa = PBXFileReference; lastKnownFileType = sourcecode.swift; path = AppBackgroundView.swift; sourceTree = "<group>"; };
		3E2EB8C02F22248D00CF7C5B /* NewExerciseService.swift */ = {isa = PBXFileReference; lastKnownFileType = sourcecode.swift; path = NewExerciseService.swift; sourceTree = "<group>"; };
		3E2EB8C12F22248D00CF7C5B /* ResearchFlowView.swift */ = {isa = PBXFileReference; lastKnownFileType = sourcecode.swift; path = ResearchFlowView.swift; sourceTree = "<group>"; };
/* End PBXFileReference section */

/* Begin PBXFrameworksBuildPhase section */
		286F59A72EBAD749007A2434 /* Frameworks */ = {
			isa = PBXFrameworksBuildPhase;
			buildActionMask = 2147483647;
			files = (
			);
			runOnlyForDeploymentPostprocessing = 0;
		};
/* End PBXFrameworksBuildPhase section */

/* Begin PBXGroup section */
		286F59A12EBAD749007A2434 = {
			isa = PBXGroup;
			children = (
				3E2EB82F2F22248C00CF7C5B /* UrBelRankingLadder */,
				286F59AB2EBAD749007A2434 /* Products */,
			);
			sourceTree = "<group>";
		};
		286F59AB2EBAD749007A2434 /* Products */ = {
			isa = PBXGroup;
			children = (
				286F59AA2EBAD749007A2434 /* UrBelRankingLadder.app */,
			);
			name = Products;
			sourceTree = "<group>";
		};
		3E2EB7EF2F22248C00CF7C5B /* Protocols */ = {
			isa = PBXGroup;
			children = (
				3E2EB7EA2F22248C00CF7C5B /* DailyMetricsRepositoryProtocol.swift */,
				3E2EB7EB2F22248C00CF7C5B /* FoodIngredientRepositoryProtocol.swift */,
				3E2EB7EC2F22248C00CF7C5B /* MealSlotRepositoryProtocol.swift */,
				3E2EB7ED2F22248C00CF7C5B /* SavedTemplateRepositoryProtocol.swift */,
				3E2EB7EE2F22248C00CF7C5B /* UserConfigurationRepositoryProtocol.swift */,
			);
			path = Protocols;
			sourceTree = "<group>";
		};
		3E2EB7F52F22248C00CF7C5B /* Repositories */ = {
			isa = PBXGroup;
			children = (
				3E2EB7F02F22248C00CF7C5B /* DailyMetricsRepositoryImpl.swift */,
				3E2EB7F12F22248C00CF7C5B /* FoodIngredientRepositoryImpl.swift */,
				3E2EB7F22F22248C00CF7C5B /* MealSlotRepositoryImpl.swift */,
				3E2EB7F32F22248C00CF7C5B /* SavedTemplateRepositoryImpl.swift */,
				3E2EB7F42F22248C00CF7C5B /* UserConfigurationRepositoryImpl.swift */,
			);
			path = Repositories;
			sourceTree = "<group>";
		};
		3E2EB7F82F22248C00CF7C5B /* Data */ = {
			isa = PBXGroup;
			children = (
				3E2EB7EF2F22248C00CF7C5B /* Protocols */,
				3E2EB7F52F22248C00CF7C5B /* Repositories */,
				3E2EB7F62F22248C00CF7C5B /* CoreDataStackProvider.swift */,
				3E2EB7F72F22248C00CF7C5B /* SeedDataLoader.swift */,
			);
			path = Data;
			sourceTree = "<group>";
		};
		3E2EB7FF2F22248C00CF7C5B /* DTOs */ = {
			isa = PBXGroup;
			children = (
				3E2EB7F92F22248C00CF7C5B /* ChartDTOs.swift */,
				3E2EB7FA2F22248C00CF7C5B /* DailyMetricsDTO.swift */,
				3E2EB7FB2F22248C00CF7C5B /* FoodIngredientDTO.swift */,
				3E2EB7FC2F22248C00CF7C5B /* MealSlotRecordDTO.swift */,
				3E2EB7FD2F22248C00CF7C5B /* SavedTemplateDTO.swift */,
				3E2EB7FE2F22248C00CF7C5B /* UserConfigurationDTO.swift */,
			);
			path = DTOs;
			sourceTree = "<group>";
		};
		3E2EB8002F22248C00CF7C5B /* Models */ = {
			isa = PBXGroup;
			children = (
				3E2EB7FF2F22248C00CF7C5B /* DTOs */,
			);
			path = Models;
			sourceTree = "<group>";
		};
		3E2EB8022F22248C00CF7C5B /* App */ = {
			isa = PBXGroup;
			children = (
				3E2EB8012F22248C00CF7C5B /* AppFlowManager.swift */,
			);
			path = App;
			sourceTree = "<group>";
		};
		3E2EB8042F22248C00CF7C5B /* Haptics */ = {
			isa = PBXGroup;
			children = (
				3E2EB8032F22248C00CF7C5B /* LinkGateway.swift */,
			);
			path = Haptics;
			sourceTree = "<group>";
		};
		3E2EB80B2F22248C00CF7C5B /* Services */ = {
			isa = PBXGroup;
			children = (
				3E2EB8022F22248C00CF7C5B /* App */,
				3E2EB8042F22248C00CF7C5B /* Haptics */,
				3E2EB8052F22248C00CF7C5B /* BalanceCalculationServiceImpl.swift */,
				3E2EB8062F22248C00CF7C5B /* ChartBuilderServiceImpl.swift */,
				3E2EB8072F22248C00CF7C5B /* DailyAggregationServiceImpl.swift */,
				3E2EB8082F22248C00CF7C5B /* HapticFeedbackProvider.swift */,
				3E2EB8C02F22248D00CF7C5B /* NewExerciseService.swift */,
				3E2EB8092F22248C00CF7C5B /* TemplateManagementServiceImpl.swift */,
				3E2EB80A2F22248C00CF7C5B /* TextFileExportServiceImpl.swift */,
			);
			path = Services;
			sourceTree = "<group>";
		};
		3E2EB8122F22248C00CF7C5B /* UseCases */ = {
			isa = PBXGroup;
			children = (
				3E2EB80C2F22248C00CF7C5B /* AddIngredientToSlotUseCase.swift */,
				3E2EB80D2F22248C00CF7C5B /* ApplySavedTemplateUseCase.swift */,
				3E2EB80E2F22248C00CF7C5B /* BuildPlateVisualizationUseCase.swift */,
				3E2EB80F2F22248C00CF7C5B /* ClearSlotAndRecomputeUseCase.swift */,
				3E2EB8102F22248C00CF7C5B /* ExportDayReportUseCase.swift */,
				3E2EB8112F22248C00CF7C5B /* FetchWeeklySummaryUseCase.swift */,
			);
			path = UseCases;
			sourceTree = "<group>";
		};
		3E2EB8162F22248C00CF7C5B /* Utilities */ = {
			isa = PBXGroup;
			children = (
				3E2EB8132F22248C00CF7C5B /* AppNotifications.swift */,
				3E2EB8AA2F22248C00CF7C5B /* ButtonStyles.swift */,
				3E2EB8142F22248C00CF7C5B /* ColorExtensions.swift */,
				3E2EB8152F22248C00CF7C5B /* DateExtensions.swift */,
			);
			path = Utilities;
			sourceTree = "<group>";
		};
		3E2EB81C2F22248C00CF7C5B /* ViewModels */ = {
			isa = PBXGroup;
			children = (
				3E2EB8172F22248C00CF7C5B /* DaySummaryViewModel.swift */,
				3E2EB8182F22248C00CF7C5B /* IngredientsListViewModel.swift */,
				3E2EB8192F22248C00CF7C5B /* OnboardingCoordinator.swift */,
				3E2EB81A2F22248C00CF7C5B /* PlateConstructorViewModel.swift */,
				3E2EB81B2F22248C00CF7C5B /* TemplateLibraryViewModel.swift */,
			);
			path = ViewModels;
			sourceTree = "<group>";
		};
		3E2EB8202F22248C00CF7C5B /* Components */ = {
			isa = PBXGroup;
			children = (
				3E2EB8BA2F22248C00CF7C5B /* AppBackgroundView.swift */,
				3E2EB81D2F22248C00CF7C5B /* DayTimelineView.swift */,
				3E2EB81E2F22248C00CF7C5B /* PlateDonutVisualizationView.swift */,
				3E2EB81F2F22248C00CF7C5B /* WeeklyBarsChartView.swift */,
			);
			path = Components;
			sourceTree = "<group>";
		};
		3E2EB8292F22248C00CF7C5B /* Views */ = {
			isa = PBXGroup;
			children = (
				3E2EB8202F22248C00CF7C5B /* Components */,
				3E2EB8212F22248C00CF7C5B /* DaySummaryScreen.swift */,
				3E2EB8222F22248C00CF7C5B /* MainTabCoordinator.swift */,
				3E2EB8232F22248C00CF7C5B /* NimbusStageView.swift */,
				3E2EB8242F22248C00CF7C5B /* OnboardingFlowView.swift */,
				3E2EB8252F22248C00CF7C5B /* PlateConstructorScreen.swift */,
				3E2EB8C12F22248D00CF7C5B /* ResearchFlowView.swift */,
				3E2EB8262F22248C00CF7C5B /* RootLauncherView.swift */,
				3E2EB8272F22248C00CF7C5B /* SiteCanvasRepresentable.swift */,
				3E2EB8282F22248C00CF7C5B /* TemplateLibraryScreen.swift */,
			);
			path = Views;
			sourceTree = "<group>";
		};
		3E2EB82F2F22248C00CF7C5B /* UrBelRankingLadder */ = {
			isa = PBXGroup;
			children = (
				3E2EB82E2F22248C00CF7C5B /* UrBelRankingLadderApp.swift */,
				3E2EB7F82F22248C00CF7C5B /* Data */,
				3E2EB8002F22248C00CF7C5B /* Models */,
				3E2EB80B2F22248C00CF7C5B /* Services */,
				3E2EB8122F22248C00CF7C5B /* UseCases */,
				3E2EB8162F22248C00CF7C5B /* Utilities */,
				3E2EB81C2F22248C00CF7C5B /* ViewModels */,
				3E2EB8292F22248C00CF7C5B /* Views */,
				3E2EB82A2F22248C00CF7C5B /* Assets.xcassets */,
				3E2EB82B2F22248C00CF7C5B /* DependencyContainer.swift */,
				3E2EB82C2F22248C00CF7C5B /* Info.plist */,
				3E2EB82D2F22248C00CF7C5B /* MealBalanceCoreData.xcdatamodeld */,
			);
			path = UrBelRankingLadder;
			sourceTree = "<group>";
		};
/* End PBXGroup section */

/* Begin PBXNativeTarget section */
		286F59A92EBAD749007A2434 /* UrBelRankingLadder */ = {
			isa = PBXNativeTarget;
			buildConfigurationList = 286F59B52EBAD74A007A2434 /* Build configuration list for PBXNativeTarget "UrBelRankingLadder" */;
			buildPhases = (
				286F59A62EBAD749007A2434 /* Sources */,
				286F59A72EBAD749007A2434 /* Frameworks */,
				286F59A82EBAD749007A2434 /* Resources */,
			);
			buildRules = (
			);
			dependencies = (
			);
			name = UrBelRankingLadder;
			packageProductDependencies = (
			);
			productName = UrBelRankingLadder;
			productReference = 286F59AA2EBAD749007A2434 /* UrBelRankingLadder.app */;
			productType = "com.apple.product-type.application";
		};
/* End PBXNativeTarget section */

/* Begin PBXProject section */
		286F59A22EBAD749007A2434 /* Project object */ = {
			isa = PBXProject;
			attributes = {
				BuildIndependentTargetsInParallel = 1;
				LastSwiftUpdateCheck = 2600;
				LastUpgradeCheck = 2600;
				TargetAttributes = {
					286F59A92EBAD749007A2434 = {
						CreatedOnToolsVersion = 26.0.1;
					};
				};
			};
			buildConfigurationList = 286F59A52EBAD749007A2434 /* Build configuration list for PBXProject "UrBelRankingLadder" */;
			developmentRegion = en;
			hasScannedForEncodings = 0;
			knownRegions = (
				en,
				Base,
			);
			mainGroup = 286F59A12EBAD749007A2434;
			minimizedProjectReferenceProxies = 1;
			preferredProjectObjectVersion = 77;
			productRefGroup = 286F59AB2EBAD749007A2434 /* Products */;
			projectDirPath = "";
			projectRoot = "";
			targets = (
				286F59A92EBAD749007A2434 /* UrBelRankingLadder */,
			);
		};
/* End PBXProject section */

/* Begin PBXResourcesBuildPhase section */
		286F59A82EBAD749007A2434 /* Resources */ = {
			isa = PBXResourcesBuildPhase;
			buildActionMask = 2147483647;
			files = (
				3E2EB8312F22248C00CF7C5B /* Assets.xcassets in Resources */,
			);
			runOnlyForDeploymentPostprocessing = 0;
		};
/* End PBXResourcesBuildPhase section */

/* Begin PBXSourcesBuildPhase section */
		286F59A62EBAD749007A2434 /* Sources */ = {
			isa = PBXSourcesBuildPhase;
			buildActionMask = 2147483647;
			files = (
				3E2EB8332F22248C00CF7C5B /* DailyMetricsRepositoryProtocol.swift in Sources */,
				3E2EB8342F22248C00CF7C5B /* FoodIngredientRepositoryProtocol.swift in Sources */,
				3E2EB8352F22248C00CF7C5B /* MealSlotRepositoryProtocol.swift in Sources */,
				3E2EB8362F22248C00CF7C5B /* SavedTemplateRepositoryProtocol.swift in Sources */,
				3E2EB8372F22248C00CF7C5B /* UserConfigurationRepositoryProtocol.swift in Sources */,
				3E2EB8382F22248C00CF7C5B /* DailyMetricsRepositoryImpl.swift in Sources */,
				3E2EB8392F22248C00CF7C5B /* FoodIngredientRepositoryImpl.swift in Sources */,
				3E2EB83A2F22248C00CF7C5B /* MealSlotRepositoryImpl.swift in Sources */,
				3E2EB83B2F22248C00CF7C5B /* SavedTemplateRepositoryImpl.swift in Sources */,
				3E2EB83C2F22248C00CF7C5B /* UserConfigurationRepositoryImpl.swift in Sources */,
				3E2EB83D2F22248C00CF7C5B /* CoreDataStackProvider.swift in Sources */,
				3E2EB83E2F22248C00CF7C5B /* SeedDataLoader.swift in Sources */,
				3E2EB83F2F22248C00CF7C5B /* ChartDTOs.swift in Sources */,
				3E2EB8402F22248C00CF7C5B /* DailyMetricsDTO.swift in Sources */,
				3E2EB8412F22248C00CF7C5B /* FoodIngredientDTO.swift in Sources */,
				3E2EB8422F22248C00CF7C5B /* MealSlotRecordDTO.swift in Sources */,
				3E2EB8432F22248C00CF7C5B /* SavedTemplateDTO.swift in Sources */,
				3E2EB8442F22248C00CF7C5B /* UserConfigurationDTO.swift in Sources */,
				3E2EB8452F22248C00CF7C5B /* AppFlowManager.swift in Sources */,
				3E2EB8462F22248C00CF7C5B /* LinkGateway.swift in Sources */,
				3E2EB8472F22248C00CF7C5B /* BalanceCalculationServiceImpl.swift in Sources */,
				3E2EB8482F22248C00CF7C5B /* ChartBuilderServiceImpl.swift in Sources */,
				3E2EB8492F22248C00CF7C5B /* DailyAggregationServiceImpl.swift in Sources */,
				3E2EB84A2F22248C00CF7C5B /* HapticFeedbackProvider.swift in Sources */,
				3E2EB84B2F22248C00CF7C5B /* TemplateManagementServiceImpl.swift in Sources */,
				3E2EB84C2F22248C00CF7C5B /* TextFileExportServiceImpl.swift in Sources */,
				3E2EB84D2F22248C00CF7C5B /* AddIngredientToSlotUseCase.swift in Sources */,
				3E2EB84E2F22248C00CF7C5B /* ApplySavedTemplateUseCase.swift in Sources */,
				3E2EB84F2F22248C00CF7C5B /* BuildPlateVisualizationUseCase.swift in Sources */,
				3E2EB8502F22248C00CF7C5B /* ClearSlotAndRecomputeUseCase.swift in Sources */,
				3E2EB8512F22248C00CF7C5B /* ExportDayReportUseCase.swift in Sources */,
				3E2EB8522F22248C00CF7C5B /* FetchWeeklySummaryUseCase.swift in Sources */,
				3E2EB8532F22248C00CF7C5B /* AppNotifications.swift in Sources */,
				3E2EB8692F22248C00CF7C5B /* ButtonStyles.swift in Sources */,
				3E2EB8C22F22248D00CF7C5B /* NewExerciseService.swift in Sources */,
				3E2EB8C32F22248D00CF7C5B /* ResearchFlowView.swift in Sources */,
				3E2EB8542F22248C00CF7C5B /* ColorExtensions.swift in Sources */,
				3E2EB8552F22248C00CF7C5B /* DateExtensions.swift in Sources */,
				3E2EB8562F22248C00CF7C5B /* DaySummaryViewModel.swift in Sources */,
				3E2EB8572F22248C00CF7C5B /* IngredientsListViewModel.swift in Sources */,
				3E2EB8582F22248C00CF7C5B /* OnboardingCoordinator.swift in Sources */,
				3E2EB8592F22248C00CF7C5B /* PlateConstructorViewModel.swift in Sources */,
				3E2EB85A2F22248C00CF7C5B /* TemplateLibraryViewModel.swift in Sources */,
				3E2EB8BB2F22248C00CF7C5B /* AppBackgroundView.swift in Sources */,
				3E2EB85B2F22248C00CF7C5B /* DayTimelineView.swift in Sources */,
				3E2EB85C2F22248C00CF7C5B /* PlateDonutVisualizationView.swift in Sources */,
				3E2EB85D2F22248C00CF7C5B /* WeeklyBarsChartView.swift in Sources */,
				3E2EB85E2F22248C00CF7C5B /* DaySummaryScreen.swift in Sources */,
				3E2EB85F2F22248C00CF7C5B /* MainTabCoordinator.swift in Sources */,
				3E2EB8602F22248C00CF7C5B /* NimbusStageView.swift in Sources */,
				3E2EB8612F22248C00CF7C5B /* OnboardingFlowView.swift in Sources */,
				3E2EB8622F22248C00CF7C5B /* PlateConstructorScreen.swift in Sources */,
				3E2EB8632F22248C00CF7C5B /* RootLauncherView.swift in Sources */,
				3E2EB8642F22248C00CF7C5B /* SiteCanvasRepresentable.swift in Sources */,
				3E2EB8652F22248C00CF7C5B /* TemplateLibraryScreen.swift in Sources */,
				3E2EB8662F22248C00CF7C5B /* DependencyContainer.swift in Sources */,
				3E2EB8672F22248C00CF7C5B /* MealBalanceCoreData.xcdatamodeld in Sources */,
				3E2EB8682F22248C00CF7C5B /* UrBelRankingLadderApp.swift in Sources */,
			);
			runOnlyForDeploymentPostprocessing = 0;
		};
/* End PBXSourcesBuildPhase section */

/* Begin XCBuildConfiguration section */
		286F59B32EBAD74A007A2434 /* Debug */ = {
			isa = XCBuildConfiguration;
			buildSettings = {
				ALWAYS_SEARCH_USER_PATHS = NO;
				ASSETCATALOG_COMPILER_GENERATE_SWIFT_ASSET_SYMBOL_EXTENSIONS = YES;
				CLANG_ANALYZER_NONNULL = YES;
				CLANG_ANALYZER_NUMBER_OBJECT_CONVERSION = YES_AGGRESSIVE;
				CLANG_CXX_LANGUAGE_STANDARD = "gnu++20";
				CLANG_ENABLE_MODULES = YES;
				CLANG_ENABLE_OBJC_ARC = YES;
				CLANG_ENABLE_OBJC_WEAK = YES;
				CLANG_WARN_BLOCK_CAPTURE_AUTORELEASING = YES;
				CLANG_WARN_BOOL_CONVERSION = YES;
				CLANG_WARN_COMMA = YES;
				CLANG_WARN_CONSTANT_CONVERSION = YES;
				CLANG_WARN_DEPRECATED_OBJC_IMPLEMENTATIONS = YES;
				CLANG_WARN_DIRECT_OBJC_ISA_USAGE = YES_ERROR;
				CLANG_WARN_DOCUMENTATION_COMMENTS = YES;
				CLANG_WARN_EMPTY_BODY = YES;
				CLANG_WARN_ENUM_CONVERSION = YES;
				CLANG_WARN_INFINITE_RECURSION = YES;
				CLANG_WARN_INT_CONVERSION = YES;
				CLANG_WARN_NON_LITERAL_NULL_CONVERSION = YES;
				CLANG_WARN_OBJC_IMPLICIT_RETAIN_SELF = YES;
				CLANG_WARN_OBJC_LITERAL_CONVERSION = YES;
				CLANG_WARN_OBJC_ROOT_CLASS = YES_ERROR;
				CLANG_WARN_QUOTED_INCLUDE_IN_FRAMEWORK_HEADER = YES;
				CLANG_WARN_RANGE_LOOP_ANALYSIS = YES;
				CLANG_WARN_STRICT_PROTOTYPES = YES;
				CLANG_WARN_SUSPICIOUS_MOVE = YES;
				CLANG_WARN_UNGUARDED_AVAILABILITY = YES_AGGRESSIVE;
				CLANG_WARN_UNREACHABLE_CODE = YES;
				CLANG_WARN__DUPLICATE_METHOD_MATCH = YES;
				COPY_PHASE_STRIP = NO;
				DEBUG_INFORMATION_FORMAT = dwarf;
				DEVELOPMENT_TEAM = FK4VB24PPQ;
				ENABLE_STRICT_OBJC_MSGSEND = YES;
				ENABLE_TESTABILITY = YES;
				ENABLE_USER_SCRIPT_SANDBOXING = YES;
				GCC_C_LANGUAGE_STANDARD = gnu17;
				GCC_DYNAMIC_NO_PIC = NO;
				GCC_NO_COMMON_BLOCKS = YES;
				GCC_OPTIMIZATION_LEVEL = 0;
				GCC_PREPROCESSOR_DEFINITIONS = (
					"DEBUG=1",
					"$(inherited)",
				);
				GCC_WARN_64_TO_32_BIT_CONVERSION = YES;
				GCC_WARN_ABOUT_RETURN_TYPE = YES_ERROR;
				GCC_WARN_UNDECLARED_SELECTOR = YES;
				GCC_WARN_UNINITIALIZED_AUTOS = YES_AGGRESSIVE;
				GCC_WARN_UNUSED_FUNCTION = YES;
				GCC_WARN_UNUSED_VARIABLE = YES;
				IPHONEOS_DEPLOYMENT_TARGET = 16.0;
				LOCALIZATION_PREFERS_STRING_CATALOGS = YES;
				MTL_ENABLE_DEBUG_INFO = INCLUDE_SOURCE;
				MTL_FAST_MATH = YES;
				ONLY_ACTIVE_ARCH = YES;
				SDKROOT = iphoneos;
				SWIFT_ACTIVE_COMPILATION_CONDITIONS = "DEBUG $(inherited)";
				SWIFT_OPTIMIZATION_LEVEL = "-Onone";
			};
			name = Debug;
		};
		286F59B42EBAD74A007A2434 /* Release */ = {
			isa = XCBuildConfiguration;
			buildSettings = {
				ALWAYS_SEARCH_USER_PATHS = NO;
				ASSETCATALOG_COMPILER_GENERATE_SWIFT_ASSET_SYMBOL_EXTENSIONS = YES;
				CLANG_ANALYZER_NONNULL = YES;
				CLANG_ANALYZER_NUMBER_OBJECT_CONVERSION = YES_AGGRESSIVE;
				CLANG_CXX_LANGUAGE_STANDARD = "gnu++20";
				CLANG_ENABLE_MODULES = YES;
				CLANG_ENABLE_OBJC_ARC = YES;
				CLANG_ENABLE_OBJC_WEAK = YES;
				CLANG_WARN_BLOCK_CAPTURE_AUTORELEASING = YES;
				CLANG_WARN_BOOL_CONVERSION = YES;
				CLANG_WARN_COMMA = YES;
				CLANG_WARN_CONSTANT_CONVERSION = YES;
				CLANG_WARN_DEPRECATED_OBJC_IMPLEMENTATIONS = YES;
				CLANG_WARN_DIRECT_OBJC_ISA_USAGE = YES_ERROR;
				CLANG_WARN_DOCUMENTATION_COMMENTS = YES;
				CLANG_WARN_EMPTY_BODY = YES;
				CLANG_WARN_ENUM_CONVERSION = YES;
				CLANG_WARN_INFINITE_RECURSION = YES;
				CLANG_WARN_INT_CONVERSION = YES;
				CLANG_WARN_NON_LITERAL_NULL_CONVERSION = YES;
				CLANG_WARN_OBJC_IMPLICIT_RETAIN_SELF = YES;
				CLANG_WARN_OBJC_LITERAL_CONVERSION = YES;
				CLANG_WARN_OBJC_ROOT_CLASS = YES_ERROR;
				CLANG_WARN_QUOTED_INCLUDE_IN_FRAMEWORK_HEADER = YES;
				CLANG_WARN_RANGE_LOOP_ANALYSIS = YES;
				CLANG_WARN_STRICT_PROTOTYPES = YES;
				CLANG_WARN_SUSPICIOUS_MOVE = YES;
				CLANG_WARN_UNGUARDED_AVAILABILITY = YES_AGGRESSIVE;
				CLANG_WARN_UNREACHABLE_CODE = YES;
				CLANG_WARN__DUPLICATE_METHOD_MATCH = YES;
				COPY_PHASE_STRIP = NO;
				DEBUG_INFORMATION_FORMAT = "dwarf-with-dsym";
				DEVELOPMENT_TEAM = FK4VB24PPQ;
				ENABLE_NS_ASSERTIONS = NO;
				ENABLE_STRICT_OBJC_MSGSEND = YES;
				ENABLE_USER_SCRIPT_SANDBOXING = YES;
				GCC_C_LANGUAGE_STANDARD = gnu17;
				GCC_NO_COMMON_BLOCKS = YES;
				GCC_WARN_64_TO_32_BIT_CONVERSION = YES;
				GCC_WARN_ABOUT_RETURN_TYPE = YES_ERROR;
				GCC_WARN_UNDECLARED_SELECTOR = YES;
				GCC_WARN_UNINITIALIZED_AUTOS = YES_AGGRESSIVE;
				GCC_WARN_UNUSED_FUNCTION = YES;
				GCC_WARN_UNUSED_VARIABLE = YES;
				IPHONEOS_DEPLOYMENT_TARGET = 16.0;
				LOCALIZATION_PREFERS_STRING_CATALOGS = YES;
				MTL_ENABLE_DEBUG_INFO = NO;
				MTL_FAST_MATH = YES;
				SDKROOT = iphoneos;
				SWIFT_COMPILATION_MODE = wholemodule;
				VALIDATE_PRODUCT = YES;
			};
			name = Release;
		};
		286F59B62EBAD74A007A2434 /* Debug */ = {
			isa = XCBuildConfiguration;
			buildSettings = {
				ASSETCATALOG_COMPILER_APPICON_NAME = AppIcon;
				ASSETCATALOG_COMPILER_GLOBAL_ACCENT_COLOR_NAME = AccentColor;
				CODE_SIGN_STYLE = Manual;
				CURRENT_PROJECT_VERSION = 1;
				DEVELOPMENT_TEAM = "";
				ENABLE_PREVIEWS = YES;
				GENERATE_INFOPLIST_FILE = YES;
				INFOPLIST_FILE = UrBelRankingLadder/Info.plist;
				INFOPLIST_KEY_CFBundleDisplayName = "UrBel:RankingLadder";
				INFOPLIST_KEY_NSCameraUsageDescription = "Camera access is required to take photos within the app.";
				INFOPLIST_KEY_UIApplicationSceneManifest_Generation = YES;
				INFOPLIST_KEY_UIApplicationSupportsIndirectInputEvents = YES;
				INFOPLIST_KEY_UILaunchScreen_Generation = YES;
				INFOPLIST_KEY_UISupportedInterfaceOrientations = UIInterfaceOrientationPortrait;
				INFOPLIST_KEY_UISupportedInterfaceOrientations_iPad = "UIInterfaceOrientationLandscapeLeft UIInterfaceOrientationLandscapeRight UIInterfaceOrientationPortrait UIInterfaceOrientationPortraitUpsideDown";
				IPHONEOS_DEPLOYMENT_TARGET = 15.0;
				LD_RUNPATH_SEARCH_PATHS = (
					"$(inherited)",
					"@executable_path/Frameworks",
				);
				MARKETING_VERSION = 1.1;
				PRODUCT_BUNDLE_IDENTIFIER = com.owennodd.urelrankingladder;
				PRODUCT_NAME = "$(TARGET_NAME)";
				PROVISIONING_PROFILE_SPECIFIER = "";
				STRING_CATALOG_GENERATE_SYMBOLS = YES;
				SUPPORTED_PLATFORMS = "iphoneos iphonesimulator";
				SUPPORTS_MACCATALYST = NO;
				SUPPORTS_MAC_DESIGNED_FOR_IPHONE_IPAD = NO;
				SUPPORTS_XR_DESIGNED_FOR_IPHONE_IPAD = NO;
				SWIFT_APPROACHABLE_CONCURRENCY = YES;
				SWIFT_DEFAULT_ACTOR_ISOLATION = MainActor;
				SWIFT_EMIT_LOC_STRINGS = YES;
				SWIFT_UPCOMING_FEATURE_MEMBER_IMPORT_VISIBILITY = YES;
				SWIFT_VERSION = 5.0;
				TARGETED_DEVICE_FAMILY = 1;
			};
			name = Debug;
		};
		286F59B72EBAD74A007A2434 /* Release */ = {
			isa = XCBuildConfiguration;
			buildSettings = {
				ASSETCATALOG_COMPILER_APPICON_NAME = AppIcon;
				ASSETCATALOG_COMPILER_GLOBAL_ACCENT_COLOR_NAME = AccentColor;
				CODE_SIGN_STYLE = Manual;
				CURRENT_PROJECT_VERSION = 1;
				DEVELOPMENT_TEAM = "";
				ENABLE_PREVIEWS = YES;
				GENERATE_INFOPLIST_FILE = YES;
				INFOPLIST_FILE = UrBelRankingLadder/Info.plist;
				INFOPLIST_KEY_CFBundleDisplayName = "UrBel:RankingLadder";
				INFOPLIST_KEY_NSCameraUsageDescription = "Camera access is required to take photos within the app.";
				INFOPLIST_KEY_UIApplicationSceneManifest_Generation = YES;
				INFOPLIST_KEY_UIApplicationSupportsIndirectInputEvents = YES;
				INFOPLIST_KEY_UILaunchScreen_Generation = YES;
				INFOPLIST_KEY_UISupportedInterfaceOrientations = UIInterfaceOrientationPortrait;
				INFOPLIST_KEY_UISupportedInterfaceOrientations_iPad = "UIInterfaceOrientationLandscapeLeft UIInterfaceOrientationLandscapeRight UIInterfaceOrientationPortrait UIInterfaceOrientationPortraitUpsideDown";
				IPHONEOS_DEPLOYMENT_TARGET = 15.0;
				LD_RUNPATH_SEARCH_PATHS = (
					"$(inherited)",
					"@executable_path/Frameworks",
				);
				MARKETING_VERSION = 1.1;
				PRODUCT_BUNDLE_IDENTIFIER = com.owennodd.urelrankingladder;
				PRODUCT_NAME = "$(TARGET_NAME)";
				PROVISIONING_PROFILE_SPECIFIER = "";
				STRING_CATALOG_GENERATE_SYMBOLS = YES;
				SUPPORTED_PLATFORMS = "iphoneos iphonesimulator";
				SUPPORTS_MACCATALYST = NO;
				SUPPORTS_MAC_DESIGNED_FOR_IPHONE_IPAD = NO;
				SUPPORTS_XR_DESIGNED_FOR_IPHONE_IPAD = NO;
				SWIFT_APPROACHABLE_CONCURRENCY = YES;
				SWIFT_DEFAULT_ACTOR_ISOLATION = MainActor;
				SWIFT_EMIT_LOC_STRINGS = YES;
				SWIFT_UPCOMING_FEATURE_MEMBER_IMPORT_VISIBILITY = YES;
				SWIFT_VERSION = 5.0;
				TARGETED_DEVICE_FAMILY = 1;
			};
			name = Release;
		};
/* End XCBuildConfiguration section */

/* Begin XCConfigurationList section */
		286F59A52EBAD749007A2434 /* Build configuration list for PBXProject "UrBelRankingLadder" */ = {
			isa = XCConfigurationList;
			buildConfigurations = (
				286F59B32EBAD74A007A2434 /* Debug */,
				286F59B42EBAD74A007A2434 /* Release */,
			);
			defaultConfigurationIsVisible = 0;
			defaultConfigurationName = Release;
		};
		286F59B52EBAD74A007A2434 /* Build configuration list for PBXNativeTarget "UrBelRankingLadder" */ = {
			isa = XCConfigurationList;
			buildConfigurations = (
				286F59B62EBAD74A007A2434 /* Debug */,
				286F59B72EBAD74A007A2434 /* Release */,
			);
			defaultConfigurationIsVisible = 0;
			defaultConfigurationName = Release;
		};
/* End XCConfigurationList section */

/* Begin XCVersionGroup section */
		3E2EB82D2F22248C00CF7C5B /* MealBalanceCoreData.xcdatamodeld */ = {
			isa = XCVersionGroup;
			children = (
				3E2EB8302F22248C00CF7C5B /* MealBalanceCoreData.xcdatamodel */,
			);
			currentVersion = 3E2EB8302F22248C00CF7C5B /* MealBalanceCoreData.xcdatamodel */;
			path = MealBalanceCoreData.xcdatamodeld;
			sourceTree = "<group>";
			versionGroupType = wrapper.xcdatamodel;
		};
/* End XCVersionGroup section */
	};
	rootObject = 286F59A22EBAD749007A2434 /* Project object */;
}
